// !$*UTF8*$!
{
	archiveVersion = 1;
	classes = {
	};
	objectVersion = 77;
	objects = {

/* Begin PBXBuildFile section */
		02000B869506C245555116C5 /* SaveWordSheet.swift in Sources */ = {isa = PBXBuildFile; fileRef = A9370824EDAEBA5827052705 /* SaveWordSheet.swift */; };
		0779DF97C0C16455C2261931 /* PageIngestor.swift in Sources */ = {isa = PBXBuildFile; fileRef = 967112DE8BF44C16C2B32018 /* PageIngestor.swift */; };
		0A7CBD54409FE38915533B22 /* Assets.xcassets in Resources */ = {isa = PBXBuildFile; fileRef = E150F93B6650D33F75A1B6D0 /* Assets.xcassets */; };
		0B2C29EA081FF688FD9B1411 /* OCRReviewView.swift in Sources */ = {isa = PBXBuildFile; fileRef = E8BEDDF716DB6DCE7A1A620C /* OCRReviewView.swift */; };
		0E3103361F486FEBBFC20EB5 /* AppRouter.swift in Sources */ = {isa = PBXBuildFile; fileRef = 5B8BABAA11445B30F26F7FB8 /* AppRouter.swift */; };
		0E837D97F1EB877AB93186AE /* TranslationResolver.swift in Sources */ = {isa = PBXBuildFile; fileRef = BDCF95C248426B2E99665E51 /* TranslationResolver.swift */; };
		0EBC25B89B8B456456174276 /* Interactive.swift in Sources */ = {isa = PBXBuildFile; fileRef = 8BF178CA8B6AA8A5A0B3C472 /* Interactive.swift */; };
		14C74E50C82378F057C8649B /* SentenceSplitter.swift in Sources */ = {isa = PBXBuildFile; fileRef = FAF3F2DB98C5E0D76F887581 /* SentenceSplitter.swift */; };
		18AD0B1D16ED0AAEA14FE65A /* DesignSystem.swift in Sources */ = {isa = PBXBuildFile; fileRef = B658E25EF1CE476ACB066241 /* DesignSystem.swift */; };
		1DF4347D7B0519D490D26D01 /* LearningAssetsProvider.swift in Sources */ = {isa = PBXBuildFile; fileRef = 2DA4F0C51F04CC2E251D1A7D /* LearningAssetsProvider.swift */; };
		1FAD825964E040F0D6C9DDBC /* MigrationTests.swift in Sources */ = {isa = PBXBuildFile; fileRef = 02C1FFB0C472AEB2F0F35E87 /* MigrationTests.swift */; };
		3028F5D064E57CDAA61339BF /* ReaderView.swift in Sources */ = {isa = PBXBuildFile; fileRef = 9FE07A0C952191918BEC544E /* ReaderView.swift */; };
		31E728F46FB1C13B043412DF /* FlowLayout.swift in Sources */ = {isa = PBXBuildFile; fileRef = 343C5C3588E21248150C1FC8 /* FlowLayout.swift */; };
		37FE197E86C0B3FC01CD98E9 /* CountUpText.swift in Sources */ = {isa = PBXBuildFile; fileRef = 3262026191CD0864D087631A /* CountUpText.swift */; };
		3D63CAAEA51D32EA86A7BD8B /* SemanticColors.swift in Sources */ = {isa = PBXBuildFile; fileRef = 39F2F2D89C7D0D082BF9C8F2 /* SemanticColors.swift */; };
		429A765D5E28AF1C1B8E8D75 /* ReviewSessionView.swift in Sources */ = {isa = PBXBuildFile; fileRef = 3CFC6FA27DFAF000FE142DA9 /* ReviewSessionView.swift */; };
		44AEF317F0CF52326352830C /* FragmentDetector.swift in Sources */ = {isa = PBXBuildFile; fileRef = 826ECAA02745873590A2849B /* FragmentDetector.swift */; };
		458722027C19E105E1787019 /* BookDetailView.swift in Sources */ = {isa = PBXBuildFile; fileRef = F9BD38CB316ACEB701246F2C /* BookDetailView.swift */; };
		4716D8AE0B2973D332F82F09 /* WordTokenizer.swift in Sources */ = {isa = PBXBuildFile; fileRef = ADCA3E982DDC9BB8E580CD1F /* WordTokenizer.swift */; };
		47CCC908ED0B200DF13E1E3C /* VoiceStore.swift in Sources */ = {isa = PBXBuildFile; fileRef = DA9351BF59A4835332603EC8 /* VoiceStore.swift */; };
		4D68F17953EB427025542F55 /* LiveTextCameraView.swift in Sources */ = {isa = PBXBuildFile; fileRef = 69D52E7E91C9BCFC0FFBF74A /* LiveTextCameraView.swift */; };
		4F69DA2002BB46F03CC5D049 /* Cards.swift in Sources */ = {isa = PBXBuildFile; fileRef = 2974A505A9F296158208AD02 /* Cards.swift */; };
		595D28DE4F62FEB67C6CDDBB /* VoiceRecorder.swift in Sources */ = {isa = PBXBuildFile; fileRef = BC7EBB40679D3855647E07FF /* VoiceRecorder.swift */; };
		60BC30EB0F4797FB6B0E8D6F /* Palette.swift in Sources */ = {isa = PBXBuildFile; fileRef = EFC19E69947D7AA02E1F2594 /* Palette.swift */; };
		63B3424A5CA8D2716404F578 /* FragmentDetectorTests.swift in Sources */ = {isa = PBXBuildFile; fileRef = B717D28674FF5282DADDDCF9 /* FragmentDetectorTests.swift */; };
		694DD50DC40C4CC4B7C791BB /* ImageProcessor.swift in Sources */ = {isa = PBXBuildFile; fileRef = 99064792B2BFA33B9C381863 /* ImageProcessor.swift */; };
		6C913C2600D5B62A52D3CC0B /* ClozeBuilder.swift in Sources */ = {isa = PBXBuildFile; fileRef = 51F0C3479448E23F34AB2AB9 /* ClozeBuilder.swift */; };
		6E3FAE1F0B5509FA0F627C4B /* ShadowingPracticeView.swift in Sources */ = {isa = PBXBuildFile; fileRef = 1ADA921255F08DA069B07ECC /* ShadowingPracticeView.swift */; };
		6EB339E3D3A9D1D14032E73E /* ScanFlowView.swift in Sources */ = {isa = PBXBuildFile; fileRef = 6F0A60928EF6AC9E9DBCA02A /* ScanFlowView.swift */; };
		79A530D266412C03E3D8EA82 /* TextProcessingTests.swift in Sources */ = {isa = PBXBuildFile; fileRef = B8BE74B31A842ECD63D6993D /* TextProcessingTests.swift */; };
		7C9C00AED8E3FD06D132E4AA /* ShareSheet.swift in Sources */ = {isa = PBXBuildFile; fileRef = A0984307175077E8BECAE83B /* ShareSheet.swift */; };
		82752AB6B9FF4BCE44B2BA01 /* OCRService.swift in Sources */ = {isa = PBXBuildFile; fileRef = 0A38AC87DF4921A1C15348AC /* OCRService.swift */; };
		85D6AFC9BF8AF09B8C32BA6C /* AnimatedEmptyState.swift in Sources */ = {isa = PBXBuildFile; fileRef = FBE75A5543F9A35344C4C5AE /* AnimatedEmptyState.swift */; };
		8F19A872A222245B52FD4221 /* BatchReviewView.swift in Sources */ = {isa = PBXBuildFile; fileRef = E7D6F6BDDFA7606AA4F5D6E7 /* BatchReviewView.swift */; };
		9208BA5D51517B653F2F08C7 /* ReviewView.swift in Sources */ = {isa = PBXBuildFile; fileRef = BEA9593268D61452EC45AF75 /* ReviewView.swift */; };
		92305B5A23F9B905E5B7209D /* DictionaryView.swift in Sources */ = {isa = PBXBuildFile; fileRef = B5648D31621069934A561940 /* DictionaryView.swift */; };
		9461FED56153753D5C6E091F /* Models.swift in Sources */ = {isa = PBXBuildFile; fileRef = FDB4B97B22174C66A13D1FD0 /* Models.swift */; };
		955F285689DE5904DC2D4CA6 /* SavedItemsView.swift in Sources */ = {isa = PBXBuildFile; fileRef = 84155B48D97C2768DBA97847 /* SavedItemsView.swift */; };
		A2F16B0E276A8ED4996246C0 /* WelcomeView.swift in Sources */ = {isa = PBXBuildFile; fileRef = 2EFF62D5C22D3BB4F689CACE /* WelcomeView.swift */; };
		A3E81958C1B59DD2161A5FE8 /* ProgressReflectionView.swift in Sources */ = {isa = PBXBuildFile; fileRef = 9B2FB70494D3C8BD0550C5C4 /* ProgressReflectionView.swift */; };
		A4C4A44471198E7F13D32198 /* SRSEngine.swift in Sources */ = {isa = PBXBuildFile; fileRef = FD2190E582454180E1BEA356 /* SRSEngine.swift */; };
		A7A7AE67016A3CC26185BA8D /* AnnotationDetailView.swift in Sources */ = {isa = PBXBuildFile; fileRef = FEC7440E6ACE7DD03DF1A94E /* AnnotationDetailView.swift */; };
		A9B1AB19A51E409B0D451CBF /* CameraAuthorizer.swift in Sources */ = {isa = PBXBuildFile; fileRef = 921F537C0F4FB33AD46DFDF9 /* CameraAuthorizer.swift */; };
		AE7328E76AA525902F714096 /* ReviewReminderService.swift in Sources */ = {isa = PBXBuildFile; fileRef = 2BE4CDA0B26AFB6A3D0C1988 /* ReviewReminderService.swift */; };
		B08A8D5939042FF96F32E215 /* BookFormView.swift in Sources */ = {isa = PBXBuildFile; fileRef = D468E8D1096002454579462B /* BookFormView.swift */; };
		B19CB493153DBAAC5A42F620 /* Schema.swift in Sources */ = {isa = PBXBuildFile; fileRef = A472F3E00866672DDC1274A4 /* Schema.swift */; };
		B23E035BB59F6434703C7584 /* ClozeBuilderTests.swift in Sources */ = {isa = PBXBuildFile; fileRef = CFF281D69EFBF8C5DA3E9571 /* ClozeBuilderTests.swift */; };
		B59D4D89DB27AEAF4933168C /* AnimatedMeshBackground.swift in Sources */ = {isa = PBXBuildFile; fileRef = 3529C00819E2D64F263AA526 /* AnimatedMeshBackground.swift */; };
		B5FCECBD6B6004610C6A0D0F /* DictionaryService.swift in Sources */ = {isa = PBXBuildFile; fileRef = 23278B10C8ACF15C7B57E9B3 /* DictionaryService.swift */; };
		B6EEAB545124838D4DB8FF2C /* SavedItemDetailView.swift in Sources */ = {isa = PBXBuildFile; fileRef = 781AF4A9B35C9D48B58F1F1F /* SavedItemDetailView.swift */; };
		B8A0BB996DE2E55601B678A8 /* LibraryView.swift in Sources */ = {isa = PBXBuildFile; fileRef = A5CE61ED10EBABDE785C5CDD /* LibraryView.swift */; };
		BEF13A09D9AAE11DD7FD09EC /* DocumentCameraView.swift in Sources */ = {isa = PBXBuildFile; fileRef = EB1DCF38F37736A77E40C074 /* DocumentCameraView.swift */; };
		C529E9DA05DD1DFE863E457E /* ConfettiView.swift in Sources */ = {isa = PBXBuildFile; fileRef = BECEC1376F072DAD1010DCC3 /* ConfettiView.swift */; };
		CE74F19A4FA4D2AB8A449DB1 /* SpeechPlayer.swift in Sources */ = {isa = PBXBuildFile; fileRef = F6311162F1936707A7D7A952 /* SpeechPlayer.swift */; };
		DB6717A2F2A087D801DF8992 /* SRSStateTests.swift in Sources */ = {isa = PBXBuildFile; fileRef = D493A9331B369578A465E395 /* SRSStateTests.swift */; };
		E07D9702778FBB042E213E99 /* Theme.swift in Sources */ = {isa = PBXBuildFile; fileRef = C55B9085397B629A4C14B711 /* Theme.swift */; };
		E18DD42A3533FB4FF10E903C /* Languages.swift in Sources */ = {isa = PBXBuildFile; fileRef = E9B1BD29A9586737CA6F50FC /* Languages.swift */; };
		E313F0A782D7A455B47A71A7 /* SettingsView.swift in Sources */ = {isa = PBXBuildFile; fileRef = D1C34944ABD37C98730814F5 /* SettingsView.swift */; };
		E53E064006C186A0FA5B370F /* SentenceLearnView.swift in Sources */ = {isa = PBXBuildFile; fileRef = 1B7894C3B1C69FF6F2DD5221 /* SentenceLearnView.swift */; };
		E851093BF46C92CBE455053D /* SpeakingPracticeView.swift in Sources */ = {isa = PBXBuildFile; fileRef = E49ADB589E2CDDD87B845643 /* SpeakingPracticeView.swift */; };
		EC4E3CCE423E6092349671CF /* RootView.swift in Sources */ = {isa = PBXBuildFile; fileRef = 41E7C1CC8B6A9EDC0BCA01EE /* RootView.swift */; };
		F2261F11E257B79A0A715E9B /* ScanDigestView.swift in Sources */ = {isa = PBXBuildFile; fileRef = D43EEB71FD4C3739F94BE305 /* ScanDigestView.swift */; };
		F5DBF18181E1B3F3CC9594ED /* ExportService.swift in Sources */ = {isa = PBXBuildFile; fileRef = A193A65A5B7597BF31549F06 /* ExportService.swift */; };
		FC7321FC6A3A8401248B24F2 /* NotesView.swift in Sources */ = {isa = PBXBuildFile; fileRef = 8B605E962B7275F251C747CE /* NotesView.swift */; };
		FE7518DFE5F53EE5CC8C1E8A /* ReadAloudApp.swift in Sources */ = {isa = PBXBuildFile; fileRef = 36C0E6637A2D501C2ED788BC /* ReadAloudApp.swift */; };
/* End PBXBuildFile section */

/* Begin PBXContainerItemProxy section */
		7A953C68AB67269B94D82703 /* PBXContainerItemProxy */ = {
			isa = PBXContainerItemProxy;
			containerPortal = 8A0DAB84406D795F5B41DC3F /* Project object */;
			proxyType = 1;
			remoteGlobalIDString = 77C66E34CAA102934E11953D;
			remoteInfo = ReadAloud;
		};
/* End PBXContainerItemProxy section */

/* Begin PBXFileReference section */
		02C1FFB0C472AEB2F0F35E87 /* MigrationTests.swift */ = {isa = PBXFileReference; lastKnownFileType = sourcecode.swift; path = MigrationTests.swift; sourceTree = "<group>"; };
		0A38AC87DF4921A1C15348AC /* OCRService.swift */ = {isa = PBXFileReference; lastKnownFileType = sourcecode.swift; path = OCRService.swift; sourceTree = "<group>"; };
		1ADA921255F08DA069B07ECC /* ShadowingPracticeView.swift */ = {isa = PBXFileReference; lastKnownFileType = sourcecode.swift; path = ShadowingPracticeView.swift; sourceTree = "<group>"; };
		1B7894C3B1C69FF6F2DD5221 /* SentenceLearnView.swift */ = {isa = PBXFileReference; lastKnownFileType = sourcecode.swift; path = SentenceLearnView.swift; sourceTree = "<group>"; };
		23278B10C8ACF15C7B57E9B3 /* DictionaryService.swift */ = {isa = PBXFileReference; lastKnownFileType = sourcecode.swift; path = DictionaryService.swift; sourceTree = "<group>"; };
		2974A505A9F296158208AD02 /* Cards.swift */ = {isa = PBXFileReference; lastKnownFileType = sourcecode.swift; path = Cards.swift; sourceTree = "<group>"; };
		2BE4CDA0B26AFB6A3D0C1988 /* ReviewReminderService.swift */ = {isa = PBXFileReference; lastKnownFileType = sourcecode.swift; path = ReviewReminderService.swift; sourceTree = "<group>"; };
		2DA4F0C51F04CC2E251D1A7D /* LearningAssetsProvider.swift */ = {isa = PBXFileReference; lastKnownFileType = sourcecode.swift; path = LearningAssetsProvider.swift; sourceTree = "<group>"; };
		2EFF62D5C22D3BB4F689CACE /* WelcomeView.swift */ = {isa = PBXFileReference; lastKnownFileType = sourcecode.swift; path = WelcomeView.swift; sourceTree = "<group>"; };
		3262026191CD0864D087631A /* CountUpText.swift */ = {isa = PBXFileReference; lastKnownFileType = sourcecode.swift; path = CountUpText.swift; sourceTree = "<group>"; };
		343C5C3588E21248150C1FC8 /* FlowLayout.swift */ = {isa = PBXFileReference; lastKnownFileType = sourcecode.swift; path = FlowLayout.swift; sourceTree = "<group>"; };
		3529C00819E2D64F263AA526 /* AnimatedMeshBackground.swift */ = {isa = PBXFileReference; lastKnownFileType = sourcecode.swift; path = AnimatedMeshBackground.swift; sourceTree = "<group>"; };
		36C0E6637A2D501C2ED788BC /* ReadAloudApp.swift */ = {isa = PBXFileReference; lastKnownFileType = sourcecode.swift; path = ReadAloudApp.swift; sourceTree = "<group>"; };
		39F2F2D89C7D0D082BF9C8F2 /* SemanticColors.swift */ = {isa = PBXFileReference; lastKnownFileType = sourcecode.swift; path = SemanticColors.swift; sourceTree = "<group>"; };
		3CFC6FA27DFAF000FE142DA9 /* ReviewSessionView.swift */ = {isa = PBXFileReference; lastKnownFileType = sourcecode.swift; path = ReviewSessionView.swift; sourceTree = "<group>"; };
		41E7C1CC8B6A9EDC0BCA01EE /* RootView.swift */ = {isa = PBXFileReference; lastKnownFileType = sourcecode.swift; path = RootView.swift; sourceTree = "<group>"; };
		51F0C3479448E23F34AB2AB9 /* ClozeBuilder.swift */ = {isa = PBXFileReference; lastKnownFileType = sourcecode.swift; path = ClozeBuilder.swift; sourceTree = "<group>"; };
		5B8BABAA11445B30F26F7FB8 /* AppRouter.swift */ = {isa = PBXFileReference; lastKnownFileType = sourcecode.swift; path = AppRouter.swift; sourceTree = "<group>"; };
		69D52E7E91C9BCFC0FFBF74A /* LiveTextCameraView.swift */ = {isa = PBXFileReference; lastKnownFileType = sourcecode.swift; path = LiveTextCameraView.swift; sourceTree = "<group>"; };
		6F0A60928EF6AC9E9DBCA02A /* ScanFlowView.swift */ = {isa = PBXFileReference; lastKnownFileType = sourcecode.swift; path = ScanFlowView.swift; sourceTree = "<group>"; };
		781AF4A9B35C9D48B58F1F1F /* SavedItemDetailView.swift */ = {isa = PBXFileReference; lastKnownFileType = sourcecode.swift; path = SavedItemDetailView.swift; sourceTree = "<group>"; };
		826ECAA02745873590A2849B /* FragmentDetector.swift */ = {isa = PBXFileReference; lastKnownFileType = sourcecode.swift; path = FragmentDetector.swift; sourceTree = "<group>"; };
		84155B48D97C2768DBA97847 /* SavedItemsView.swift */ = {isa = PBXFileReference; lastKnownFileType = sourcecode.swift; path = SavedItemsView.swift; sourceTree = "<group>"; };
		8B605E962B7275F251C747CE /* NotesView.swift */ = {isa = PBXFileReference; lastKnownFileType = sourcecode.swift; path = NotesView.swift; sourceTree = "<group>"; };
		8BF178CA8B6AA8A5A0B3C472 /* Interactive.swift */ = {isa = PBXFileReference; lastKnownFileType = sourcecode.swift; path = Interactive.swift; sourceTree = "<group>"; };
		921F537C0F4FB33AD46DFDF9 /* CameraAuthorizer.swift */ = {isa = PBXFileReference; lastKnownFileType = sourcecode.swift; path = CameraAuthorizer.swift; sourceTree = "<group>"; };
		967112DE8BF44C16C2B32018 /* PageIngestor.swift */ = {isa = PBXFileReference; lastKnownFileType = sourcecode.swift; path = PageIngestor.swift; sourceTree = "<group>"; };
		99064792B2BFA33B9C381863 /* ImageProcessor.swift */ = {isa = PBXFileReference; lastKnownFileType = sourcecode.swift; path = ImageProcessor.swift; sourceTree = "<group>"; };
		9B2FB70494D3C8BD0550C5C4 /* ProgressReflectionView.swift */ = {isa = PBXFileReference; lastKnownFileType = sourcecode.swift; path = ProgressReflectionView.swift; sourceTree = "<group>"; };
		9FE07A0C952191918BEC544E /* ReaderView.swift */ = {isa = PBXFileReference; lastKnownFileType = sourcecode.swift; path = ReaderView.swift; sourceTree = "<group>"; };
		A0984307175077E8BECAE83B /* ShareSheet.swift */ = {isa = PBXFileReference; lastKnownFileType = sourcecode.swift; path = ShareSheet.swift; sourceTree = "<group>"; };
		A193A65A5B7597BF31549F06 /* ExportService.swift */ = {isa = PBXFileReference; lastKnownFileType = sourcecode.swift; path = ExportService.swift; sourceTree = "<group>"; };
		A472F3E00866672DDC1274A4 /* Schema.swift */ = {isa = PBXFileReference; lastKnownFileType = sourcecode.swift; path = Schema.swift; sourceTree = "<group>"; };
		A5CE61ED10EBABDE785C5CDD /* LibraryView.swift */ = {isa = PBXFileReference; lastKnownFileType = sourcecode.swift; path = LibraryView.swift; sourceTree = "<group>"; };
		A9370824EDAEBA5827052705 /* SaveWordSheet.swift */ = {isa = PBXFileReference; lastKnownFileType = sourcecode.swift; path = SaveWordSheet.swift; sourceTree = "<group>"; };
		ADCA3E982DDC9BB8E580CD1F /* WordTokenizer.swift */ = {isa = PBXFileReference; lastKnownFileType = sourcecode.swift; path = WordTokenizer.swift; sourceTree = "<group>"; };
		B5648D31621069934A561940 /* DictionaryView.swift */ = {isa = PBXFileReference; lastKnownFileType = sourcecode.swift; path = DictionaryView.swift; sourceTree = "<group>"; };
		B658E25EF1CE476ACB066241 /* DesignSystem.swift */ = {isa = PBXFileReference; lastKnownFileType = sourcecode.swift; path = DesignSystem.swift; sourceTree = "<group>"; };
		B717D28674FF5282DADDDCF9 /* FragmentDetectorTests.swift */ = {isa = PBXFileReference; lastKnownFileType = sourcecode.swift; path = FragmentDetectorTests.swift; sourceTree = "<group>"; };
		B8BE74B31A842ECD63D6993D /* TextProcessingTests.swift */ = {isa = PBXFileReference; lastKnownFileType = sourcecode.swift; path = TextProcessingTests.swift; sourceTree = "<group>"; };
		BC7EBB40679D3855647E07FF /* VoiceRecorder.swift */ = {isa = PBXFileReference; lastKnownFileType = sourcecode.swift; path = VoiceRecorder.swift; sourceTree = "<group>"; };
		BDCF95C248426B2E99665E51 /* TranslationResolver.swift */ = {isa = PBXFileReference; lastKnownFileType = sourcecode.swift; path = TranslationResolver.swift; sourceTree = "<group>"; };
		BEA9593268D61452EC45AF75 /* ReviewView.swift */ = {isa = PBXFileReference; lastKnownFileType = sourcecode.swift; path = ReviewView.swift; sourceTree = "<group>"; };
		BECEC1376F072DAD1010DCC3 /* ConfettiView.swift */ = {isa = PBXFileReference; lastKnownFileType = sourcecode.swift; path = ConfettiView.swift; sourceTree = "<group>"; };
		C55B9085397B629A4C14B711 /* Theme.swift */ = {isa = PBXFileReference; lastKnownFileType = sourcecode.swift; path = Theme.swift; sourceTree = "<group>"; };
		CBC4A7CAD65BE19587764F2E /* ReadAloud.app */ = {isa = PBXFileReference; includeInIndex = 0; lastKnownFileType = wrapper.application; path = ReadAloud.app; sourceTree = BUILT_PRODUCTS_DIR; };
		CFF281D69EFBF8C5DA3E9571 /* ClozeBuilderTests.swift */ = {isa = PBXFileReference; lastKnownFileType = sourcecode.swift; path = ClozeBuilderTests.swift; sourceTree = "<group>"; };
		D1C34944ABD37C98730814F5 /* SettingsView.swift */ = {isa = PBXFileReference; lastKnownFileType = sourcecode.swift; path = SettingsView.swift; sourceTree = "<group>"; };
		D43EEB71FD4C3739F94BE305 /* ScanDigestView.swift */ = {isa = PBXFileReference; lastKnownFileType = sourcecode.swift; path = ScanDigestView.swift; sourceTree = "<group>"; };
		D468E8D1096002454579462B /* BookFormView.swift */ = {isa = PBXFileReference; lastKnownFileType = sourcecode.swift; path = BookFormView.swift; sourceTree = "<group>"; };
		D493A9331B369578A465E395 /* SRSStateTests.swift */ = {isa = PBXFileReference; lastKnownFileType = sourcecode.swift; path = SRSStateTests.swift; sourceTree = "<group>"; };
		DA9351BF59A4835332603EC8 /* VoiceStore.swift */ = {isa = PBXFileReference; lastKnownFileType = sourcecode.swift; path = VoiceStore.swift; sourceTree = "<group>"; };
		E023D28BD795D85906CD9185 /* ReadAloudTests.xctest */ = {isa = PBXFileReference; includeInIndex = 0; lastKnownFileType = wrapper.cfbundle; path = ReadAloudTests.xctest; sourceTree = BUILT_PRODUCTS_DIR; };
		E150F93B6650D33F75A1B6D0 /* Assets.xcassets */ = {isa = PBXFileReference; lastKnownFileType = folder.assetcatalog; path = Assets.xcassets; sourceTree = "<group>"; };
		E49ADB589E2CDDD87B845643 /* SpeakingPracticeView.swift */ = {isa = PBXFileReference; lastKnownFileType = sourcecode.swift; path = SpeakingPracticeView.swift; sourceTree = "<group>"; };
		E7D6F6BDDFA7606AA4F5D6E7 /* BatchReviewView.swift */ = {isa = PBXFileReference; lastKnownFileType = sourcecode.swift; path = BatchReviewView.swift; sourceTree = "<group>"; };
		E8BEDDF716DB6DCE7A1A620C /* OCRReviewView.swift */ = {isa = PBXFileReference; lastKnownFileType = sourcecode.swift; path = OCRReviewView.swift; sourceTree = "<group>"; };
		E9B1BD29A9586737CA6F50FC /* Languages.swift */ = {isa = PBXFileReference; lastKnownFileType = sourcecode.swift; path = Languages.swift; sourceTree = "<group>"; };
		EB1DCF38F37736A77E40C074 /* DocumentCameraView.swift */ = {isa = PBXFileReference; lastKnownFileType = sourcecode.swift; path = DocumentCameraView.swift; sourceTree = "<group>"; };
		EFC19E69947D7AA02E1F2594 /* Palette.swift */ = {isa = PBXFileReference; lastKnownFileType = sourcecode.swift; path = Palette.swift; sourceTree = "<group>"; };
		F6311162F1936707A7D7A952 /* SpeechPlayer.swift */ = {isa = PBXFileReference; lastKnownFileType = sourcecode.swift; path = SpeechPlayer.swift; sourceTree = "<group>"; };
		F9BD38CB316ACEB701246F2C /* BookDetailView.swift */ = {isa = PBXFileReference; lastKnownFileType = sourcecode.swift; path = BookDetailView.swift; sourceTree = "<group>"; };
		FAF3F2DB98C5E0D76F887581 /* SentenceSplitter.swift */ = {isa = PBXFileReference; lastKnownFileType = sourcecode.swift; path = SentenceSplitter.swift; sourceTree = "<group>"; };
		FBE75A5543F9A35344C4C5AE /* AnimatedEmptyState.swift */ = {isa = PBXFileReference; lastKnownFileType = sourcecode.swift; path = AnimatedEmptyState.swift; sourceTree = "<group>"; };
		FD2190E582454180E1BEA356 /* SRSEngine.swift */ = {isa = PBXFileReference; lastKnownFileType = sourcecode.swift; path = SRSEngine.swift; sourceTree = "<group>"; };
		FDB4B97B22174C66A13D1FD0 /* Models.swift */ = {isa = PBXFileReference; lastKnownFileType = sourcecode.swift; path = Models.swift; sourceTree = "<group>"; };
		FEC7440E6ACE7DD03DF1A94E /* AnnotationDetailView.swift */ = {isa = PBXFileReference; lastKnownFileType = sourcecode.swift; path = AnnotationDetailView.swift; sourceTree = "<group>"; };
/* End PBXFileReference section */

/* Begin PBXGroup section */
		00E7FBC31F522D11198EEA20 /* Saved */ = {
			isa = PBXGroup;
			children = (
				781AF4A9B35C9D48B58F1F1F /* SavedItemDetailView.swift */,
				84155B48D97C2768DBA97847 /* SavedItemsView.swift */,
			);
			path = Saved;
			sourceTree = "<group>";
		};
		04BE0194F1F5238BBD7BB3D0 = {
			isa = PBXGroup;
			children = (
				CFE006B69A8C6C00B3A5FAD1 /* ReadAloud */,
				3D3D7BE02602777E46C63CF3 /* ReadAloudTests */,
				D56F8D3E0A2CF0DFFA64CEED /* Products */,
			);
			sourceTree = "<group>";
		};
		0D0C8632689462E3C17E1F6E /* Notes */ = {
			isa = PBXGroup;
			children = (
				FEC7440E6ACE7DD03DF1A94E /* AnnotationDetailView.swift */,
				8B605E962B7275F251C747CE /* NotesView.swift */,
			);
			path = Notes;
			sourceTree = "<group>";
		};
		17849051DD48F491C1CCD703 /* Styles */ = {
			isa = PBXGroup;
			children = (
				2974A505A9F296158208AD02 /* Cards.swift */,
				8BF178CA8B6AA8A5A0B3C472 /* Interactive.swift */,
				EFC19E69947D7AA02E1F2594 /* Palette.swift */,
				39F2F2D89C7D0D082BF9C8F2 /* SemanticColors.swift */,
				C55B9085397B629A4C14B711 /* Theme.swift */,
			);
			path = Styles;
			sourceTree = "<group>";
		};
		2EC765668C8E3C81A8174E90 /* Models */ = {
			isa = PBXGroup;
			children = (
				FDB4B97B22174C66A13D1FD0 /* Models.swift */,
				A472F3E00866672DDC1274A4 /* Schema.swift */,
			);
			path = Models;
			sourceTree = "<group>";
		};
		3D3D7BE02602777E46C63CF3 /* ReadAloudTests */ = {
			isa = PBXGroup;
			children = (
				CFF281D69EFBF8C5DA3E9571 /* ClozeBuilderTests.swift */,
				B717D28674FF5282DADDDCF9 /* FragmentDetectorTests.swift */,
				02C1FFB0C472AEB2F0F35E87 /* MigrationTests.swift */,
				D493A9331B369578A465E395 /* SRSStateTests.swift */,
				B8BE74B31A842ECD63D6993D /* TextProcessingTests.swift */,
			);
			path = ReadAloudTests;
			sourceTree = "<group>";
		};
		3E66761C79D14C79880F45D1 /* Library */ = {
			isa = PBXGroup;
			children = (
				F9BD38CB316ACEB701246F2C /* BookDetailView.swift */,
				D468E8D1096002454579462B /* BookFormView.swift */,
				A5CE61ED10EBABDE785C5CDD /* LibraryView.swift */,
			);
			path = Library;
			sourceTree = "<group>";
		};
		43FB18A20FD07F315582F857 /* Scan */ = {
			isa = PBXGroup;
			children = (
				E7D6F6BDDFA7606AA4F5D6E7 /* BatchReviewView.swift */,
				921F537C0F4FB33AD46DFDF9 /* CameraAuthorizer.swift */,
				EB1DCF38F37736A77E40C074 /* DocumentCameraView.swift */,
				69D52E7E91C9BCFC0FFBF74A /* LiveTextCameraView.swift */,
				E8BEDDF716DB6DCE7A1A620C /* OCRReviewView.swift */,
				D43EEB71FD4C3739F94BE305 /* ScanDigestView.swift */,
				6F0A60928EF6AC9E9DBCA02A /* ScanFlowView.swift */,
			);
			path = Scan;
			sourceTree = "<group>";
		};
		44BD4C8108B0129DA71A7EF6 /* Onboarding */ = {
			isa = PBXGroup;
			children = (
				2EFF62D5C22D3BB4F689CACE /* WelcomeView.swift */,
			);
			path = Onboarding;
			sourceTree = "<group>";
		};
		5798C22E78FB93A6DC97AD0C /* Review */ = {
			isa = PBXGroup;
			children = (
				9B2FB70494D3C8BD0550C5C4 /* ProgressReflectionView.swift */,
				3CFC6FA27DFAF000FE142DA9 /* ReviewSessionView.swift */,
				BEA9593268D61452EC45AF75 /* ReviewView.swift */,
				1ADA921255F08DA069B07ECC /* ShadowingPracticeView.swift */,
				E49ADB589E2CDDD87B845643 /* SpeakingPracticeView.swift */,
			);
			path = Review;
			sourceTree = "<group>";
		};
		734B59480AE87DD6AA453B4F /* Resources */ = {
			isa = PBXGroup;
			children = (
				E150F93B6650D33F75A1B6D0 /* Assets.xcassets */,
			);
			path = Resources;
			sourceTree = "<group>";
		};
		AC3AB26D50CD29CFEF088242 /* App */ = {
			isa = PBXGroup;
			children = (
				5B8BABAA11445B30F26F7FB8 /* AppRouter.swift */,
				36C0E6637A2D501C2ED788BC /* ReadAloudApp.swift */,
				41E7C1CC8B6A9EDC0BCA01EE /* RootView.swift */,
			);
			path = App;
			sourceTree = "<group>";
		};
		B29DD7760BE778CD54149B42 /* Components */ = {
			isa = PBXGroup;
			children = (
				FBE75A5543F9A35344C4C5AE /* AnimatedEmptyState.swift */,
				3529C00819E2D64F263AA526 /* AnimatedMeshBackground.swift */,
				BECEC1376F072DAD1010DCC3 /* ConfettiView.swift */,
				3262026191CD0864D087631A /* CountUpText.swift */,
				343C5C3588E21248150C1FC8 /* FlowLayout.swift */,
			);
			path = Components;
			sourceTree = "<group>";
		};
		B2E3878D146104B306E3C361 /* Shared */ = {
			isa = PBXGroup;
			children = (
				B658E25EF1CE476ACB066241 /* DesignSystem.swift */,
				B5648D31621069934A561940 /* DictionaryView.swift */,
				E9B1BD29A9586737CA6F50FC /* Languages.swift */,
				A0984307175077E8BECAE83B /* ShareSheet.swift */,
				B29DD7760BE778CD54149B42 /* Components */,
				17849051DD48F491C1CCD703 /* Styles */,
			);
			path = Shared;
			sourceTree = "<group>";
		};
		CFE006B69A8C6C00B3A5FAD1 /* ReadAloud */ = {
			isa = PBXGroup;
			children = (
				AC3AB26D50CD29CFEF088242 /* App */,
				DBFF4F9B88F2189637F0A5ED /* Features */,
				2EC765668C8E3C81A8174E90 /* Models */,
				734B59480AE87DD6AA453B4F /* Resources */,
				D24223C3CBF6D0152C6CF59D /* Services */,
				B2E3878D146104B306E3C361 /* Shared */,
			);
			path = ReadAloud;
			sourceTree = "<group>";
		};
		D216EDBD709F358C1B33E2DD /* Settings */ = {
			isa = PBXGroup;
			children = (
				D1C34944ABD37C98730814F5 /* SettingsView.swift */,
			);
			path = Settings;
			sourceTree = "<group>";
		};
		D24223C3CBF6D0152C6CF59D /* Services */ = {
			isa = PBXGroup;
			children = (
				51F0C3479448E23F34AB2AB9 /* ClozeBuilder.swift */,
				23278B10C8ACF15C7B57E9B3 /* DictionaryService.swift */,
				A193A65A5B7597BF31549F06 /* ExportService.swift */,
				826ECAA02745873590A2849B /* FragmentDetector.swift */,
				99064792B2BFA33B9C381863 /* ImageProcessor.swift */,
				2DA4F0C51F04CC2E251D1A7D /* LearningAssetsProvider.swift */,
				0A38AC87DF4921A1C15348AC /* OCRService.swift */,
				967112DE8BF44C16C2B32018 /* PageIngestor.swift */,
				2BE4CDA0B26AFB6A3D0C1988 /* ReviewReminderService.swift */,
				FAF3F2DB98C5E0D76F887581 /* SentenceSplitter.swift */,
				F6311162F1936707A7D7A952 /* SpeechPlayer.swift */,
				FD2190E582454180E1BEA356 /* SRSEngine.swift */,
				BDCF95C248426B2E99665E51 /* TranslationResolver.swift */,
				BC7EBB40679D3855647E07FF /* VoiceRecorder.swift */,
				DA9351BF59A4835332603EC8 /* VoiceStore.swift */,
				ADCA3E982DDC9BB8E580CD1F /* WordTokenizer.swift */,
			);
			path = Services;
			sourceTree = "<group>";
		};
		D56F8D3E0A2CF0DFFA64CEED /* Products */ = {
			isa = PBXGroup;
			children = (
				CBC4A7CAD65BE19587764F2E /* ReadAloud.app */,
				E023D28BD795D85906CD9185 /* ReadAloudTests.xctest */,
			);
			name = Products;
			sourceTree = "<group>";
		};
		DBFF4F9B88F2189637F0A5ED /* Features */ = {
			isa = PBXGroup;
			children = (
				F369CBF80AD8D80D07A21AEB /* Learn */,
				3E66761C79D14C79880F45D1 /* Library */,
				0D0C8632689462E3C17E1F6E /* Notes */,
				44BD4C8108B0129DA71A7EF6 /* Onboarding */,
				F4DFA316B21718B35FBC6FA5 /* Reader */,
				5798C22E78FB93A6DC97AD0C /* Review */,
				00E7FBC31F522D11198EEA20 /* Saved */,
				43FB18A20FD07F315582F857 /* Scan */,
				D216EDBD709F358C1B33E2DD /* Settings */,
			);
			path = Features;
			sourceTree = "<group>";
		};
		F369CBF80AD8D80D07A21AEB /* Learn */ = {
			isa = PBXGroup;
			children = (
				1B7894C3B1C69FF6F2DD5221 /* SentenceLearnView.swift */,
			);
			path = Learn;
			sourceTree = "<group>";
		};
		F4DFA316B21718B35FBC6FA5 /* Reader */ = {
			isa = PBXGroup;
			children = (
				9FE07A0C952191918BEC544E /* ReaderView.swift */,
				A9370824EDAEBA5827052705 /* SaveWordSheet.swift */,
			);
			path = Reader;
			sourceTree = "<group>";
		};
/* End PBXGroup section */

/* Begin PBXNativeTarget section */
		77C66E34CAA102934E11953D /* ReadAloud */ = {
			isa = PBXNativeTarget;
			buildConfigurationList = 5551EC2D3D40E55114FD49D7 /* Build configuration list for PBXNativeTarget "ReadAloud" */;
			buildPhases = (
				3D235141212BC957A96BE68B /* Sources */,
				D7FBFB7E8917E57E0DE26099 /* Resources */,
			);
			buildRules = (
			);
			dependencies = (
			);
			name = ReadAloud;
			packageProductDependencies = (
			);
			productName = ReadAloud;
			productReference = CBC4A7CAD65BE19587764F2E /* ReadAloud.app */;
			productType = "com.apple.product-type.application";
		};
		E92091C0F543BBDE37BA5C0F /* ReadAloudTests */ = {
			isa = PBXNativeTarget;
			buildConfigurationList = AFC11F8AFC034DF490DF6CC7 /* Build configuration list for PBXNativeTarget "ReadAloudTests" */;
			buildPhases = (
				1697B895695B3CEEAAA0A8F1 /* Sources */,
			);
			buildRules = (
			);
			dependencies = (
				23E2F0004E7A239ED999CD89 /* PBXTargetDependency */,
			);
			name = ReadAloudTests;
			packageProductDependencies = (
			);
			productName = ReadAloudTests;
			productReference = E023D28BD795D85906CD9185 /* ReadAloudTests.xctest */;
			productType = "com.apple.product-type.bundle.unit-test";
		};
/* End PBXNativeTarget section */

/* Begin PBXProject section */
		8A0DAB84406D795F5B41DC3F /* Project object */ = {
			isa = PBXProject;
			attributes = {
				BuildIndependentTargetsInParallel = YES;
				LastUpgradeCheck = 1430;
				TargetAttributes = {
					77C66E34CAA102934E11953D = {
						DevelopmentTeam = "";
						ProvisioningStyle = Automatic;
					};
				};
			};
			buildConfigurationList = 9E8B3F2F0DDB0C7C541E1783 /* Build configuration list for PBXProject "ReadAloud" */;
			developmentRegion = en;
			hasScannedForEncodings = 0;
			knownRegions = (
				Base,
				en,
			);
			mainGroup = 04BE0194F1F5238BBD7BB3D0;
			minimizedProjectReferenceProxies = 1;
			preferredProjectObjectVersion = 77;
			productRefGroup = D56F8D3E0A2CF0DFFA64CEED /* Products */;
			projectDirPath = "";
			projectRoot = "";
			targets = (
				77C66E34CAA102934E11953D /* ReadAloud */,
				E92091C0F543BBDE37BA5C0F /* ReadAloudTests */,
			);
		};
/* End PBXProject section */

/* Begin PBXResourcesBuildPhase section */
		D7FBFB7E8917E57E0DE26099 /* Resources */ = {
			isa = PBXResourcesBuildPhase;
			buildActionMask = 2147483647;
			files = (
				0A7CBD54409FE38915533B22 /* Assets.xcassets in Resources */,
			);
			runOnlyForDeploymentPostprocessing = 0;
		};
/* End PBXResourcesBuildPhase section */

/* Begin PBXSourcesBuildPhase section */
		1697B895695B3CEEAAA0A8F1 /* Sources */ = {
			isa = PBXSourcesBuildPhase;
			buildActionMask = 2147483647;
			files = (
				B23E035BB59F6434703C7584 /* ClozeBuilderTests.swift in Sources */,
				63B3424A5CA8D2716404F578 /* FragmentDetectorTests.swift in Sources */,
				1FAD825964E040F0D6C9DDBC /* MigrationTests.swift in Sources */,
				DB6717A2F2A087D801DF8992 /* SRSStateTests.swift in Sources */,
				79A530D266412C03E3D8EA82 /* TextProcessingTests.swift in Sources */,
			);
			runOnlyForDeploymentPostprocessing = 0;
		};
		3D235141212BC957A96BE68B /* Sources */ = {
			isa = PBXSourcesBuildPhase;
			buildActionMask = 2147483647;
			files = (
				85D6AFC9BF8AF09B8C32BA6C /* AnimatedEmptyState.swift in Sources */,
				B59D4D89DB27AEAF4933168C /* AnimatedMeshBackground.swift in Sources */,
				A7A7AE67016A3CC26185BA8D /* AnnotationDetailView.swift in Sources */,
				0E3103361F486FEBBFC20EB5 /* AppRouter.swift in Sources */,
				8F19A872A222245B52FD4221 /* BatchReviewView.swift in Sources */,
				458722027C19E105E1787019 /* BookDetailView.swift in Sources */,
				B08A8D5939042FF96F32E215 /* BookFormView.swift in Sources */,
				A9B1AB19A51E409B0D451CBF /* CameraAuthorizer.swift in Sources */,
				4F69DA2002BB46F03CC5D049 /* Cards.swift in Sources */,
				6C913C2600D5B62A52D3CC0B /* ClozeBuilder.swift in Sources */,
				C529E9DA05DD1DFE863E457E /* ConfettiView.swift in Sources */,
				37FE197E86C0B3FC01CD98E9 /* CountUpText.swift in Sources */,
				18AD0B1D16ED0AAEA14FE65A /* DesignSystem.swift in Sources */,
				B5FCECBD6B6004610C6A0D0F /* DictionaryService.swift in Sources */,
				92305B5A23F9B905E5B7209D /* DictionaryView.swift in Sources */,
				BEF13A09D9AAE11DD7FD09EC /* DocumentCameraView.swift in Sources */,
				F5DBF18181E1B3F3CC9594ED /* ExportService.swift in Sources */,
				31E728F46FB1C13B043412DF /* FlowLayout.swift in Sources */,
				44AEF317F0CF52326352830C /* FragmentDetector.swift in Sources */,
				694DD50DC40C4CC4B7C791BB /* ImageProcessor.swift in Sources */,
				0EBC25B89B8B456456174276 /* Interactive.swift in Sources */,
				E18DD42A3533FB4FF10E903C /* Languages.swift in Sources */,
				1DF4347D7B0519D490D26D01 /* LearningAssetsProvider.swift in Sources */,
				B8A0BB996DE2E55601B678A8 /* LibraryView.swift in Sources */,
				4D68F17953EB427025542F55 /* LiveTextCameraView.swift in Sources */,
				9461FED56153753D5C6E091F /* Models.swift in Sources */,
				FC7321FC6A3A8401248B24F2 /* NotesView.swift in Sources */,
				0B2C29EA081FF688FD9B1411 /* OCRReviewView.swift in Sources */,
				82752AB6B9FF4BCE44B2BA01 /* OCRService.swift in Sources */,
				0779DF97C0C16455C2261931 /* PageIngestor.swift in Sources */,
				60BC30EB0F4797FB6B0E8D6F /* Palette.swift in Sources */,
				A3E81958C1B59DD2161A5FE8 /* ProgressReflectionView.swift in Sources */,
				FE7518DFE5F53EE5CC8C1E8A /* ReadAloudApp.swift in Sources */,
				3028F5D064E57CDAA61339BF /* ReaderView.swift in Sources */,
				AE7328E76AA525902F714096 /* ReviewReminderService.swift in Sources */,
				429A765D5E28AF1C1B8E8D75 /* ReviewSessionView.swift in Sources */,
				9208BA5D51517B653F2F08C7 /* ReviewView.swift in Sources */,
				EC4E3CCE423E6092349671CF /* RootView.swift in Sources */,
				A4C4A44471198E7F13D32198 /* SRSEngine.swift in Sources */,
				02000B869506C245555116C5 /* SaveWordSheet.swift in Sources */,
				B6EEAB545124838D4DB8FF2C /* SavedItemDetailView.swift in Sources */,
				955F285689DE5904DC2D4CA6 /* SavedItemsView.swift in Sources */,
				F2261F11E257B79A0A715E9B /* ScanDigestView.swift in Sources */,
				6EB339E3D3A9D1D14032E73E /* ScanFlowView.swift in Sources */,
				B19CB493153DBAAC5A42F620 /* Schema.swift in Sources */,
				3D63CAAEA51D32EA86A7BD8B /* SemanticColors.swift in Sources */,
				E53E064006C186A0FA5B370F /* SentenceLearnView.swift in Sources */,
				14C74E50C82378F057C8649B /* SentenceSplitter.swift in Sources */,
				E313F0A782D7A455B47A71A7 /* SettingsView.swift in Sources */,
				6E3FAE1F0B5509FA0F627C4B /* ShadowingPracticeView.swift in Sources */,
				7C9C00AED8E3FD06D132E4AA /* ShareSheet.swift in Sources */,
				E851093BF46C92CBE455053D /* SpeakingPracticeView.swift in Sources */,
				CE74F19A4FA4D2AB8A449DB1 /* SpeechPlayer.swift in Sources */,
				E07D9702778FBB042E213E99 /* Theme.swift in Sources */,
				0E837D97F1EB877AB93186AE /* TranslationResolver.swift in Sources */,
				595D28DE4F62FEB67C6CDDBB /* VoiceRecorder.swift in Sources */,
				47CCC908ED0B200DF13E1E3C /* VoiceStore.swift in Sources */,
				A2F16B0E276A8ED4996246C0 /* WelcomeView.swift in Sources */,
				4716D8AE0B2973D332F82F09 /* WordTokenizer.swift in Sources */,
			);
			runOnlyForDeploymentPostprocessing = 0;
		};
/* End PBXSourcesBuildPhase section */

/* Begin PBXTargetDependency section */
		23E2F0004E7A239ED999CD89 /* PBXTargetDependency */ = {
			isa = PBXTargetDependency;
			target = 77C66E34CAA102934E11953D /* ReadAloud */;
			targetProxy = 7A953C68AB67269B94D82703 /* PBXContainerItemProxy */;
		};
/* End PBXTargetDependency section */

/* Begin XCBuildConfiguration section */
		2297FA1F050665F1A84B3D6D /* Debug */ = {
			isa = XCBuildConfiguration;
			buildSettings = {
				ALWAYS_SEARCH_USER_PATHS = NO;
				CLANG_ANALYZER_NONNULL = YES;
				CLANG_ANALYZER_NUMBER_OBJECT_CONVERSION = YES_AGGRESSIVE;
				CLANG_CXX_LANGUAGE_STANDARD = "gnu++14";
				CLANG_CXX_LIBRARY = "libc++";
				CLANG_ENABLE_MODULES = YES;
				CLANG_ENABLE_OBJC_ARC = YES;
				CLANG_ENABLE_OBJC_WEAK = YES;
				CLANG_WARN_BLOCK_CAPTURE_AUTORELEASING = YES;
				CLANG_WARN_BOOL_CONVERSION = YES;
				CLANG_WARN_COMMA = YES;
				CLANG_WARN_CONSTANT_CONVERSION = YES;
				CLANG_WARN_DEPRECATED_OBJC_IMPLEMENTATIONS = YES;
				CLANG_WARN_DIRECT_OBJC_ISA_USAGE = YES_ERROR;
				CLANG_WARN_DOCUMENTATION_COMMENTS = YES;
				CLANG_WARN_EMPTY_BODY = YES;
				CLANG_WARN_ENUM_CONVERSION = YES;
				CLANG_WARN_INFINITE_RECURSION = YES;
				CLANG_WARN_INT_CONVERSION = YES;
				CLANG_WARN_NON_LITERAL_NULL_CONVERSION = YES;
				CLANG_WARN_OBJC_IMPLICIT_RETAIN_SELF = YES;
				CLANG_WARN_OBJC_LITERAL_CONVERSION = YES;
				CLANG_WARN_OBJC_ROOT_CLASS = YES_ERROR;
				CLANG_WARN_QUOTED_INCLUDE_IN_FRAMEWORK_HEADER = YES;
				CLANG_WARN_RANGE_LOOP_ANALYSIS = YES;
				CLANG_WARN_STRICT_PROTOTYPES = YES;
				CLANG_WARN_SUSPICIOUS_MOVE = YES;
				CLANG_WARN_UNGUARDED_AVAILABILITY = YES_AGGRESSIVE;
				CLANG_WARN_UNREACHABLE_CODE = YES;
				CLANG_WARN__DUPLICATE_METHOD_MATCH = YES;
				COPY_PHASE_STRIP = NO;
				DEBUG_INFORMATION_FORMAT = dwarf;
				ENABLE_STRICT_OBJC_MSGSEND = YES;
				ENABLE_TESTABILITY = YES;
				GCC_C_LANGUAGE_STANDARD = gnu11;
				GCC_DYNAMIC_NO_PIC = NO;
				GCC_NO_COMMON_BLOCKS = YES;
				GCC_OPTIMIZATION_LEVEL = 0;
				GCC_PREPROCESSOR_DEFINITIONS = (
					"$(inherited)",
					"DEBUG=1",
				);
				GCC_WARN_64_TO_32_BIT_CONVERSION = YES;
				GCC_WARN_ABOUT_RETURN_TYPE = YES_ERROR;
				GCC_WARN_UNDECLARED_SELECTOR = YES;
				GCC_WARN_UNINITIALIZED_AUTOS = YES_AGGRESSIVE;
				GCC_WARN_UNUSED_FUNCTION = YES;
				GCC_WARN_UNUSED_VARIABLE = YES;
				IPHONEOS_DEPLOYMENT_TARGET = 18.0;
				MTL_ENABLE_DEBUG_INFO = INCLUDE_SOURCE;
				MTL_FAST_MATH = YES;
				ONLY_ACTIVE_ARCH = YES;
				PRODUCT_NAME = "$(TARGET_NAME)";
				SDKROOT = iphoneos;
				SWIFT_ACTIVE_COMPILATION_CONDITIONS = DEBUG;
				SWIFT_OPTIMIZATION_LEVEL = "-Onone";
				SWIFT_VERSION = 5.0;
			};
			name = Debug;
		};
		22E50124DAAFDDF37AB63FB9 /* Debug */ = {
			isa = XCBuildConfiguration;
			buildSettings = {
				BUNDLE_LOADER = "$(TEST_HOST)";
				GENERATE_INFOPLIST_FILE = YES;
				LD_RUNPATH_SEARCH_PATHS = (
					"$(inherited)",
					"@executable_path/Frameworks",
					"@loader_path/Frameworks",
				);
				PRODUCT_BUNDLE_IDENTIFIER = com.rubyhung.ReadAloudTests;
				SDKROOT = iphoneos;
				TARGETED_DEVICE_FAMILY = "1,2";
				TEST_HOST = "$(BUILT_PRODUCTS_DIR)/ReadAloud.app/ReadAloud";
			};
			name = Debug;
		};
		24FFEFE09F346B9EDBC08A2B /* Release */ = {
			isa = XCBuildConfiguration;
			buildSettings = {
				BUNDLE_LOADER = "$(TEST_HOST)";
				GENERATE_INFOPLIST_FILE = YES;
				LD_RUNPATH_SEARCH_PATHS = (
					"$(inherited)",
					"@executable_path/Frameworks",
					"@loader_path/Frameworks",
				);
				PRODUCT_BUNDLE_IDENTIFIER = com.rubyhung.ReadAloudTests;
				SDKROOT = iphoneos;
				TARGETED_DEVICE_FAMILY = "1,2";
				TEST_HOST = "$(BUILT_PRODUCTS_DIR)/ReadAloud.app/ReadAloud";
			};
			name = Release;
		};
		5FBEC2FB583EA184226079CD /* Release */ = {
			isa = XCBuildConfiguration;
			buildSettings = {
				ASSETCATALOG_COMPILER_APPICON_NAME = AppIcon;
				CODE_SIGN_IDENTITY = "iPhone Developer";
				CODE_SIGN_STYLE = Automatic;
				CURRENT_PROJECT_VERSION = 1;
				DEVELOPMENT_TEAM = "";
				GENERATE_INFOPLIST_FILE = YES;
				INFOPLIST_FILE = ReadAloud/Info.plist;
				INFOPLIST_KEY_NSCameraUsageDescription = "ReadAloud uses the camera to photograph book pages so it can read the text aloud.";
				INFOPLIST_KEY_NSMicrophoneUsageDescription = "ReadAloud records your voice during shadowing practice so you can compare it with the original audio.";
				INFOPLIST_KEY_UILaunchScreen_Generation = YES;
				INFOPLIST_KEY_UISupportedInterfaceOrientations_iPad = "UIInterfaceOrientationPortrait UIInterfaceOrientationPortraitUpsideDown UIInterfaceOrientationLandscapeLeft UIInterfaceOrientationLandscapeRight";
				INFOPLIST_KEY_UISupportedInterfaceOrientations_iPhone = UIInterfaceOrientationPortrait;
				LD_RUNPATH_SEARCH_PATHS = (
					"$(inherited)",
					"@executable_path/Frameworks",
				);
				MARKETING_VERSION = 0.1.0;
				PRODUCT_BUNDLE_IDENTIFIER = com.rubyhung.ReadAloud;
				SDKROOT = iphoneos;
				SWIFT_VERSION = 5.0;
				TARGETED_DEVICE_FAMILY = "1,2";
			};
			name = Release;
		};
		6B456219F1082740AA3993A3 /* Debug */ = {
			isa = XCBuildConfiguration;
			buildSettings = {
				ASSETCATALOG_COMPILER_APPICON_NAME = AppIcon;
				CODE_SIGN_IDENTITY = "iPhone Developer";
				CODE_SIGN_STYLE = Automatic;
				CURRENT_PROJECT_VERSION = 1;
				DEVELOPMENT_TEAM = "";
				GENERATE_INFOPLIST_FILE = YES;
				INFOPLIST_FILE = ReadAloud/Info.plist;
				INFOPLIST_KEY_NSCameraUsageDescription = "ReadAloud uses the camera to photograph book pages so it can read the text aloud.";
				INFOPLIST_KEY_NSMicrophoneUsageDescription = "ReadAloud records your voice during shadowing practice so you can compare it with the original audio.";
				INFOPLIST_KEY_UILaunchScreen_Generation = YES;
				INFOPLIST_KEY_UISupportedInterfaceOrientations_iPad = "UIInterfaceOrientationPortrait UIInterfaceOrientationPortraitUpsideDown UIInterfaceOrientationLandscapeLeft UIInterfaceOrientationLandscapeRight";
				INFOPLIST_KEY_UISupportedInterfaceOrientations_iPhone = UIInterfaceOrientationPortrait;
				LD_RUNPATH_SEARCH_PATHS = (
					"$(inherited)",
					"@executable_path/Frameworks",
				);
				MARKETING_VERSION = 0.1.0;
				PRODUCT_BUNDLE_IDENTIFIER = com.rubyhung.ReadAloud;
				SDKROOT = iphoneos;
				SWIFT_VERSION = 5.0;
				TARGETED_DEVICE_FAMILY = "1,2";
			};
			name = Debug;
		};
		7659FE0A6046E65076E5A866 /* Release */ = {
			isa = XCBuildConfiguration;
			buildSettings = {
				ALWAYS_SEARCH_USER_PATHS = NO;
				CLANG_ANALYZER_NONNULL = YES;
				CLANG_ANALYZER_NUMBER_OBJECT_CONVERSION = YES_AGGRESSIVE;
				CLANG_CXX_LANGUAGE_STANDARD = "gnu++14";
				CLANG_CXX_LIBRARY = "libc++";
				CLANG_ENABLE_MODULES = YES;
				CLANG_ENABLE_OBJC_ARC = YES;
				CLANG_ENABLE_OBJC_WEAK = YES;
				CLANG_WARN_BLOCK_CAPTURE_AUTORELEASING = YES;
				CLANG_WARN_BOOL_CONVERSION = YES;
				CLANG_WARN_COMMA = YES;
				CLANG_WARN_CONSTANT_CONVERSION = YES;
				CLANG_WARN_DEPRECATED_OBJC_IMPLEMENTATIONS = YES;
				CLANG_WARN_DIRECT_OBJC_ISA_USAGE = YES_ERROR;
				CLANG_WARN_DOCUMENTATION_COMMENTS = YES;
				CLANG_WARN_EMPTY_BODY = YES;
				CLANG_WARN_ENUM_CONVERSION = YES;
				CLANG_WARN_INFINITE_RECURSION = YES;
				CLANG_WARN_INT_CONVERSION = YES;
				CLANG_WARN_NON_LITERAL_NULL_CONVERSION = YES;
				CLANG_WARN_OBJC_IMPLICIT_RETAIN_SELF = YES;
				CLANG_WARN_OBJC_LITERAL_CONVERSION = YES;
				CLANG_WARN_OBJC_ROOT_CLASS = YES_ERROR;
				CLANG_WARN_QUOTED_INCLUDE_IN_FRAMEWORK_HEADER = YES;
				CLANG_WARN_RANGE_LOOP_ANALYSIS = YES;
				CLANG_WARN_STRICT_PROTOTYPES = YES;
				CLANG_WARN_SUSPICIOUS_MOVE = YES;
				CLANG_WARN_UNGUARDED_AVAILABILITY = YES_AGGRESSIVE;
				CLANG_WARN_UNREACHABLE_CODE = YES;
				CLANG_WARN__DUPLICATE_METHOD_MATCH = YES;
				COPY_PHASE_STRIP = NO;
				DEBUG_INFORMATION_FORMAT = "dwarf-with-dsym";
				ENABLE_NS_ASSERTIONS = NO;
				ENABLE_STRICT_OBJC_MSGSEND = YES;
				GCC_C_LANGUAGE_STANDARD = gnu11;
				GCC_NO_COMMON_BLOCKS = YES;
				GCC_WARN_64_TO_32_BIT_CONVERSION = YES;
				GCC_WARN_ABOUT_RETURN_TYPE = YES_ERROR;
				GCC_WARN_UNDECLARED_SELECTOR = YES;
				GCC_WARN_UNINITIALIZED_AUTOS = YES_AGGRESSIVE;
				GCC_WARN_UNUSED_FUNCTION = YES;
				GCC_WARN_UNUSED_VARIABLE = YES;
				IPHONEOS_DEPLOYMENT_TARGET = 18.0;
				MTL_ENABLE_DEBUG_INFO = NO;
				MTL_FAST_MATH = YES;
				PRODUCT_NAME = "$(TARGET_NAME)";
				SDKROOT = iphoneos;
				SWIFT_COMPILATION_MODE = wholemodule;
				SWIFT_OPTIMIZATION_LEVEL = "-O";
				SWIFT_VERSION = 5.0;
			};
			name = Release;
		};
/* End XCBuildConfiguration section */

/* Begin XCConfigurationList section */
		5551EC2D3D40E55114FD49D7 /* Build configuration list for PBXNativeTarget "ReadAloud" */ = {
			isa = XCConfigurationList;
			buildConfigurations = (
				6B456219F1082740AA3993A3 /* Debug */,
				5FBEC2FB583EA184226079CD /* Release */,
			);
			defaultConfigurationIsVisible = 0;
			defaultConfigurationName = Debug;
		};
		9E8B3F2F0DDB0C7C541E1783 /* Build configuration list for PBXProject "ReadAloud" */ = {
			isa = XCConfigurationList;
			buildConfigurations = (
				2297FA1F050665F1A84B3D6D /* Debug */,
				7659FE0A6046E65076E5A866 /* Release */,
			);
			defaultConfigurationIsVisible = 0;
			defaultConfigurationName = Debug;
		};
		AFC11F8AFC034DF490DF6CC7 /* Build configuration list for PBXNativeTarget "ReadAloudTests" */ = {
			isa = XCConfigurationList;
			buildConfigurations = (
				22E50124DAAFDDF37AB63FB9 /* Debug */,
				24FFEFE09F346B9EDBC08A2B /* Release */,
			);
			defaultConfigurationIsVisible = 0;
			defaultConfigurationName = Debug;
		};
/* End XCConfigurationList section */
	};
	rootObject = 8A0DAB84406D795F5B41DC3F /* Project object */;
}
