// !$*UTF8*$!
{
	archiveVersion = 1;
	classes = {
	};
	objectVersion = 77;
	objects = {

/* Begin PBXBuildFile section */
		02000B869506C245555116C5 /* SaveWordSheet.swift in Sources */ = {isa = PBXBuildFile; fileRef = A9370824EDAEBA5827052705 /* SaveWordSheet.swift */; };
		0779DF97C0C16455C2261931 /* PageIngestor.swift in Sources */ = {isa = PBXBuildFile; fileRef = 967112DE8BF44C16C2B32018 /* PageIngestor.swift */; };
		0B2C29EA081FF688FD9B1411 /* OCRReviewView.swift in Sources */ = {isa = PBXBuildFile; fileRef = E8BEDDF716DB6DCE7A1A620C /* OCRReviewView.swift */; };
		0E3103361F486FEBBFC20EB5 /* AppRouter.swift in Sources */ = {isa = PBXBuildFile; fileRef = 5B8BABAA11445B30F26F7FB8 /* AppRouter.swift */; };
		14C74E50C82378F057C8649B /* SentenceSplitter.swift in Sources */ = {isa = PBXBuildFile; fileRef = FAF3F2DB98C5E0D76F887581 /* SentenceSplitter.swift */; };
		18AD0B1D16ED0AAEA14FE65A /* DesignSystem.swift in Sources */ = {isa = PBXBuildFile; fileRef = B658E25EF1CE476ACB066241 /* DesignSystem.swift */; };
		3028F5D064E57CDAA61339BF /* ReaderView.swift in Sources */ = {isa = PBXBuildFile; fileRef = 9FE07A0C952191918BEC544E /* ReaderView.swift */; };
		429A765D5E28AF1C1B8E8D75 /* ReviewSessionView.swift in Sources */ = {isa = PBXBuildFile; fileRef = 3CFC6FA27DFAF000FE142DA9 /* ReviewSessionView.swift */; };
		458722027C19E105E1787019 /* BookDetailView.swift in Sources */ = {isa = PBXBuildFile; fileRef = F9BD38CB316ACEB701246F2C /* BookDetailView.swift */; };
		4716D8AE0B2973D332F82F09 /* WordTokenizer.swift in Sources */ = {isa = PBXBuildFile; fileRef = ADCA3E982DDC9BB8E580CD1F /* WordTokenizer.swift */; };
		47CCC908ED0B200DF13E1E3C /* VoiceStore.swift in Sources */ = {isa = PBXBuildFile; fileRef = DA9351BF59A4835332603EC8 /* VoiceStore.swift */; };
		4D68F17953EB427025542F55 /* LiveTextCameraView.swift in Sources */ = {isa = PBXBuildFile; fileRef = 69D52E7E91C9BCFC0FFBF74A /* LiveTextCameraView.swift */; };
		694DD50DC40C4CC4B7C791BB /* ImageProcessor.swift in Sources */ = {isa = PBXBuildFile; fileRef = 99064792B2BFA33B9C381863 /* ImageProcessor.swift */; };
		6EB339E3D3A9D1D14032E73E /* ScanFlowView.swift in Sources */ = {isa = PBXBuildFile; fileRef = 6F0A60928EF6AC9E9DBCA02A /* ScanFlowView.swift */; };
		79A530D266412C03E3D8EA82 /* TextProcessingTests.swift in Sources */ = {isa = PBXBuildFile; fileRef = B8BE74B31A842ECD63D6993D /* TextProcessingTests.swift */; };
		82752AB6B9FF4BCE44B2BA01 /* OCRService.swift in Sources */ = {isa = PBXBuildFile; fileRef = 0A38AC87DF4921A1C15348AC /* OCRService.swift */; };
		9208BA5D51517B653F2F08C7 /* ReviewView.swift in Sources */ = {isa = PBXBuildFile; fileRef = BEA9593268D61452EC45AF75 /* ReviewView.swift */; };
		9461FED56153753D5C6E091F /* Models.swift in Sources */ = {isa = PBXBuildFile; fileRef = FDB4B97B22174C66A13D1FD0 /* Models.swift */; };
		955F285689DE5904DC2D4CA6 /* SavedItemsView.swift in Sources */ = {isa = PBXBuildFile; fileRef = 84155B48D97C2768DBA97847 /* SavedItemsView.swift */; };
		A4C4A44471198E7F13D32198 /* SRSEngine.swift in Sources */ = {isa = PBXBuildFile; fileRef = FD2190E582454180E1BEA356 /* SRSEngine.swift */; };
		A9B1AB19A51E409B0D451CBF /* CameraAuthorizer.swift in Sources */ = {isa = PBXBuildFile; fileRef = 921F537C0F4FB33AD46DFDF9 /* CameraAuthorizer.swift */; };
		B08A8D5939042FF96F32E215 /* BookFormView.swift in Sources */ = {isa = PBXBuildFile; fileRef = D468E8D1096002454579462B /* BookFormView.swift */; };
		B19CB493153DBAAC5A42F620 /* Schema.swift in Sources */ = {isa = PBXBuildFile; fileRef = A472F3E00866672DDC1274A4 /* Schema.swift */; };
		B6EEAB545124838D4DB8FF2C /* SavedItemDetailView.swift in Sources */ = {isa = PBXBuildFile; fileRef = 781AF4A9B35C9D48B58F1F1F /* SavedItemDetailView.swift */; };
		B8A0BB996DE2E55601B678A8 /* LibraryView.swift in Sources */ = {isa = PBXBuildFile; fileRef = A5CE61ED10EBABDE785C5CDD /* LibraryView.swift */; };
		BEF13A09D9AAE11DD7FD09EC /* DocumentCameraView.swift in Sources */ = {isa = PBXBuildFile; fileRef = EB1DCF38F37736A77E40C074 /* DocumentCameraView.swift */; };
		CE74F19A4FA4D2AB8A449DB1 /* SpeechPlayer.swift in Sources */ = {isa = PBXBuildFile; fileRef = F6311162F1936707A7D7A952 /* SpeechPlayer.swift */; };
		DB6717A2F2A087D801DF8992 /* SRSStateTests.swift in Sources */ = {isa = PBXBuildFile; fileRef = D493A9331B369578A465E395 /* SRSStateTests.swift */; };
		E18DD42A3533FB4FF10E903C /* Languages.swift in Sources */ = {isa = PBXBuildFile; fileRef = E9B1BD29A9586737CA6F50FC /* Languages.swift */; };
		E313F0A782D7A455B47A71A7 /* SettingsView.swift in Sources */ = {isa = PBXBuildFile; fileRef = D1C34944ABD37C98730814F5 /* SettingsView.swift */; };
		EC4E3CCE423E6092349671CF /* RootView.swift in Sources */ = {isa = PBXBuildFile; fileRef = 41E7C1CC8B6A9EDC0BCA01EE /* RootView.swift */; };
		FE7518DFE5F53EE5CC8C1E8A /* ReadAloudApp.swift in Sources */ = {isa = PBXBuildFile; fileRef = 36C0E6637A2D501C2ED788BC /* ReadAloudApp.swift */; };
/* End PBXBuildFile section */

/* Begin PBXContainerItemProxy section */
		7A953C68AB67269B94D82703 /* PBXContainerItemProxy */ = {
			isa = PBXContainerItemProxy;
			containerPortal = 8A0DAB84406D795F5B41DC3F /* Project object */;
			proxyType = 1;
			remoteGlobalIDString = 77C66E34CAA102934E11953D;
			remoteInfo = ReadAloud;
		};
/* End PBXContainerItemProxy section */

/* Begin PBXFileReference section */
		0A38AC87DF4921A1C15348AC /* OCRService.swift */ = {isa = PBXFileReference; lastKnownFileType = sourcecode.swift; path = OCRService.swift; sourceTree = "<group>"; };
		36C0E6637A2D501C2ED788BC /* ReadAloudApp.swift */ = {isa = PBXFileReference; lastKnownFileType = sourcecode.swift; path = ReadAloudApp.swift; sourceTree = "<group>"; };
		3CFC6FA27DFAF000FE142DA9 /* ReviewSessionView.swift */ = {isa = PBXFileReference; lastKnownFileType = sourcecode.swift; path = ReviewSessionView.swift; sourceTree = "<group>"; };
		41E7C1CC8B6A9EDC0BCA01EE /* RootView.swift */ = {isa = PBXFileReference; lastKnownFileType = sourcecode.swift; path = RootView.swift; sourceTree = "<group>"; };
		5B8BABAA11445B30F26F7FB8 /* AppRouter.swift */ = {isa = PBXFileReference; lastKnownFileType = sourcecode.swift; path = AppRouter.swift; sourceTree = "<group>"; };
		69D52E7E91C9BCFC0FFBF74A /* LiveTextCameraView.swift */ = {isa = PBXFileReference; lastKnownFileType = sourcecode.swift; path = LiveTextCameraView.swift; sourceTree = "<group>"; };
		6F0A60928EF6AC9E9DBCA02A /* ScanFlowView.swift */ = {isa = PBXFileReference; lastKnownFileType = sourcecode.swift; path = ScanFlowView.swift; sourceTree = "<group>"; };
		781AF4A9B35C9D48B58F1F1F /* SavedItemDetailView.swift */ = {isa = PBXFileReference; lastKnownFileType = sourcecode.swift; path = SavedItemDetailView.swift; sourceTree = "<group>"; };
		84155B48D97C2768DBA97847 /* SavedItemsView.swift */ = {isa = PBXFileReference; lastKnownFileType = sourcecode.swift; path = SavedItemsView.swift; sourceTree = "<group>"; };
		921F537C0F4FB33AD46DFDF9 /* CameraAuthorizer.swift */ = {isa = PBXFileReference; lastKnownFileType = sourcecode.swift; path = CameraAuthorizer.swift; sourceTree = "<group>"; };
		967112DE8BF44C16C2B32018 /* PageIngestor.swift */ = {isa = PBXFileReference; lastKnownFileType = sourcecode.swift; path = PageIngestor.swift; sourceTree = "<group>"; };
		99064792B2BFA33B9C381863 /* ImageProcessor.swift */ = {isa = PBXFileReference; lastKnownFileType = sourcecode.swift; path = ImageProcessor.swift; sourceTree = "<group>"; };
		9FE07A0C952191918BEC544E /* ReaderView.swift */ = {isa = PBXFileReference; lastKnownFileType = sourcecode.swift; path = ReaderView.swift; sourceTree = "<group>"; };
		A472F3E00866672DDC1274A4 /* Schema.swift */ = {isa = PBXFileReference; lastKnownFileType = sourcecode.swift; path = Schema.swift; sourceTree = "<group>"; };
		A5CE61ED10EBABDE785C5CDD /* LibraryView.swift */ = {isa = PBXFileReference; lastKnownFileType = sourcecode.swift; path = LibraryView.swift; sourceTree = "<group>"; };
		A9370824EDAEBA5827052705 /* SaveWordSheet.swift */ = {isa = PBXFileReference; lastKnownFileType = sourcecode.swift; path = SaveWordSheet.swift; sourceTree = "<group>"; };
		ADCA3E982DDC9BB8E580CD1F /* WordTokenizer.swift */ = {isa = PBXFileReference; lastKnownFileType = sourcecode.swift; path = WordTokenizer.swift; sourceTree = "<group>"; };
		B658E25EF1CE476ACB066241 /* DesignSystem.swift */ = {isa = PBXFileReference; lastKnownFileType = sourcecode.swift; path = DesignSystem.swift; sourceTree = "<group>"; };
		B8BE74B31A842ECD63D6993D /* TextProcessingTests.swift */ = {isa = PBXFileReference; lastKnownFileType = sourcecode.swift; path = TextProcessingTests.swift; sourceTree = "<group>"; };
		BEA9593268D61452EC45AF75 /* ReviewView.swift */ = {isa = PBXFileReference; lastKnownFileType = sourcecode.swift; path = ReviewView.swift; sourceTree = "<group>"; };
		CBC4A7CAD65BE19587764F2E /* ReadAloud.app */ = {isa = PBXFileReference; includeInIndex = 0; lastKnownFileType = wrapper.application; path = ReadAloud.app; sourceTree = BUILT_PRODUCTS_DIR; };
		D1C34944ABD37C98730814F5 /* SettingsView.swift */ = {isa = PBXFileReference; lastKnownFileType = sourcecode.swift; path = SettingsView.swift; sourceTree = "<group>"; };
		D468E8D1096002454579462B /* BookFormView.swift */ = {isa = PBXFileReference; lastKnownFileType = sourcecode.swift; path = BookFormView.swift; sourceTree = "<group>"; };
		D493A9331B369578A465E395 /* SRSStateTests.swift */ = {isa = PBXFileReference; lastKnownFileType = sourcecode.swift; path = SRSStateTests.swift; sourceTree = "<group>"; };
		DA9351BF59A4835332603EC8 /* VoiceStore.swift */ = {isa = PBXFileReference; lastKnownFileType = sourcecode.swift; path = VoiceStore.swift; sourceTree = "<group>"; };
		E023D28BD795D85906CD9185 /* ReadAloudTests.xctest */ = {isa = PBXFileReference; includeInIndex = 0; lastKnownFileType = wrapper.cfbundle; path = ReadAloudTests.xctest; sourceTree = BUILT_PRODUCTS_DIR; };
		E8BEDDF716DB6DCE7A1A620C /* OCRReviewView.swift */ = {isa = PBXFileReference; lastKnownFileType = sourcecode.swift; path = OCRReviewView.swift; sourceTree = "<group>"; };
		E9B1BD29A9586737CA6F50FC /* Languages.swift */ = {isa = PBXFileReference; lastKnownFileType = sourcecode.swift; path = Languages.swift; sourceTree = "<group>"; };
		EB1DCF38F37736A77E40C074 /* DocumentCameraView.swift */ = {isa = PBXFileReference; lastKnownFileType = sourcecode.swift; path = DocumentCameraView.swift; sourceTree = "<group>"; };
		F6311162F1936707A7D7A952 /* SpeechPlayer.swift */ = {isa = PBXFileReference; lastKnownFileType = sourcecode.swift; path = SpeechPlayer.swift; sourceTree = "<group>"; };
		F9BD38CB316ACEB701246F2C /* BookDetailView.swift */ = {isa = PBXFileReference; lastKnownFileType = sourcecode.swift; path = BookDetailView.swift; sourceTree = "<group>"; };
		FAF3F2DB98C5E0D76F887581 /* SentenceSplitter.swift */ = {isa = PBXFileReference; lastKnownFileType = sourcecode.swift; path = SentenceSplitter.swift; sourceTree = "<group>"; };
		FD2190E582454180E1BEA356 /* SRSEngine.swift */ = {isa = PBXFileReference; lastKnownFileType = sourcecode.swift; path = SRSEngine.swift; sourceTree = "<group>"; };
		FDB4B97B22174C66A13D1FD0 /* Models.swift */ = {isa = PBXFileReference; lastKnownFileType = sourcecode.swift; path = Models.swift; sourceTree = "<group>"; };
/* End PBXFileReference section */

/* Begin PBXGroup section */
		00E7FBC31F522D11198EEA20 /* Saved */ = {
			isa = PBXGroup;
			children = (
				781AF4A9B35C9D48B58F1F1F /* SavedItemDetailView.swift */,
				84155B48D97C2768DBA97847 /* SavedItemsView.swift */,
			);
			path = Saved;
			sourceTree = "<group>";
		};
		04BE0194F1F5238BBD7BB3D0 = {
			isa = PBXGroup;
			children = (
				CFE006B69A8C6C00B3A5FAD1 /* ReadAloud */,
				3D3D7BE02602777E46C63CF3 /* ReadAloudTests */,
				D56F8D3E0A2CF0DFFA64CEED /* Products */,
			);
			sourceTree = "<group>";
		};
		2EC765668C8E3C81A8174E90 /* Models */ = {
			isa = PBXGroup;
			children = (
				FDB4B97B22174C66A13D1FD0 /* Models.swift */,
				A472F3E00866672DDC1274A4 /* Schema.swift */,
			);
			path = Models;
			sourceTree = "<group>";
		};
		3D3D7BE02602777E46C63CF3 /* ReadAloudTests */ = {
			isa = PBXGroup;
			children = (
				D493A9331B369578A465E395 /* SRSStateTests.swift */,
				B8BE74B31A842ECD63D6993D /* TextProcessingTests.swift */,
			);
			path = ReadAloudTests;
			sourceTree = "<group>";
		};
		3E66761C79D14C79880F45D1 /* Library */ = {
			isa = PBXGroup;
			children = (
				F9BD38CB316ACEB701246F2C /* BookDetailView.swift */,
				D468E8D1096002454579462B /* BookFormView.swift */,
				A5CE61ED10EBABDE785C5CDD /* LibraryView.swift */,
			);
			path = Library;
			sourceTree = "<group>";
		};
		43FB18A20FD07F315582F857 /* Scan */ = {
			isa = PBXGroup;
			children = (
				921F537C0F4FB33AD46DFDF9 /* CameraAuthorizer.swift */,
				EB1DCF38F37736A77E40C074 /* DocumentCameraView.swift */,
				69D52E7E91C9BCFC0FFBF74A /* LiveTextCameraView.swift */,
				E8BEDDF716DB6DCE7A1A620C /* OCRReviewView.swift */,
				6F0A60928EF6AC9E9DBCA02A /* ScanFlowView.swift */,
			);
			path = Scan;
			sourceTree = "<group>";
		};
		5798C22E78FB93A6DC97AD0C /* Review */ = {
			isa = PBXGroup;
			children = (
				3CFC6FA27DFAF000FE142DA9 /* ReviewSessionView.swift */,
				BEA9593268D61452EC45AF75 /* ReviewView.swift */,
			);
			path = Review;
			sourceTree = "<group>";
		};
		AC3AB26D50CD29CFEF088242 /* App */ = {
			isa = PBXGroup;
			children = (
				5B8BABAA11445B30F26F7FB8 /* AppRouter.swift */,
				36C0E6637A2D501C2ED788BC /* ReadAloudApp.swift */,
				41E7C1CC8B6A9EDC0BCA01EE /* RootView.swift */,
			);
			path = App;
			sourceTree = "<group>";
		};
		B2E3878D146104B306E3C361 /* Shared */ = {
			isa = PBXGroup;
			children = (
				B658E25EF1CE476ACB066241 /* DesignSystem.swift */,
				E9B1BD29A9586737CA6F50FC /* Languages.swift */,
			);
			path = Shared;
			sourceTree = "<group>";
		};
		CFE006B69A8C6C00B3A5FAD1 /* ReadAloud */ = {
			isa = PBXGroup;
			children = (
				AC3AB26D50CD29CFEF088242 /* App */,
				DBFF4F9B88F2189637F0A5ED /* Features */,
				2EC765668C8E3C81A8174E90 /* Models */,
				D24223C3CBF6D0152C6CF59D /* Services */,
				B2E3878D146104B306E3C361 /* Shared */,
			);
			path = ReadAloud;
			sourceTree = "<group>";
		};
		D216EDBD709F358C1B33E2DD /* Settings */ = {
			isa = PBXGroup;
			children = (
				D1C34944ABD37C98730814F5 /* SettingsView.swift */,
			);
			path = Settings;
			sourceTree = "<group>";
		};
		D24223C3CBF6D0152C6CF59D /* Services */ = {
			isa = PBXGroup;
			children = (
				99064792B2BFA33B9C381863 /* ImageProcessor.swift */,
				0A38AC87DF4921A1C15348AC /* OCRService.swift */,
				967112DE8BF44C16C2B32018 /* PageIngestor.swift */,
				FAF3F2DB98C5E0D76F887581 /* SentenceSplitter.swift */,
				F6311162F1936707A7D7A952 /* SpeechPlayer.swift */,
				FD2190E582454180E1BEA356 /* SRSEngine.swift */,
				DA9351BF59A4835332603EC8 /* VoiceStore.swift */,
				ADCA3E982DDC9BB8E580CD1F /* WordTokenizer.swift */,
			);
			path = Services;
			sourceTree = "<group>";
		};
		D56F8D3E0A2CF0DFFA64CEED /* Products */ = {
			isa = PBXGroup;
			children = (
				CBC4A7CAD65BE19587764F2E /* ReadAloud.app */,
				E023D28BD795D85906CD9185 /* ReadAloudTests.xctest */,
			);
			name = Products;
			sourceTree = "<group>";
		};
		DBFF4F9B88F2189637F0A5ED /* Features */ = {
			isa = PBXGroup;
			children = (
				3E66761C79D14C79880F45D1 /* Library */,
				F4DFA316B21718B35FBC6FA5 /* Reader */,
				5798C22E78FB93A6DC97AD0C /* Review */,
				00E7FBC31F522D11198EEA20 /* Saved */,
				43FB18A20FD07F315582F857 /* Scan */,
				D216EDBD709F358C1B33E2DD /* Settings */,
			);
			path = Features;
			sourceTree = "<group>";
		};
		F4DFA316B21718B35FBC6FA5 /* Reader */ = {
			isa = PBXGroup;
			children = (
				9FE07A0C952191918BEC544E /* ReaderView.swift */,
				A9370824EDAEBA5827052705 /* SaveWordSheet.swift */,
			);
			path = Reader;
			sourceTree = "<group>";
		};
/* End PBXGroup section */

/* Begin PBXNativeTarget section */
		77C66E34CAA102934E11953D /* ReadAloud */ = {
			isa = PBXNativeTarget;
			buildConfigurationList = 5551EC2D3D40E55114FD49D7 /* Build configuration list for PBXNativeTarget "ReadAloud" */;
			buildPhases = (
				3D235141212BC957A96BE68B /* Sources */,
			);
			buildRules = (
			);
			dependencies = (
			);
			name = ReadAloud;
			packageProductDependencies = (
			);
			productName = ReadAloud;
			productReference = CBC4A7CAD65BE19587764F2E /* ReadAloud.app */;
			productType = "com.apple.product-type.application";
		};
		E92091C0F543BBDE37BA5C0F /* ReadAloudTests */ = {
			isa = PBXNativeTarget;
			buildConfigurationList = AFC11F8AFC034DF490DF6CC7 /* Build configuration list for PBXNativeTarget "ReadAloudTests" */;
			buildPhases = (
				1697B895695B3CEEAAA0A8F1 /* Sources */,
			);
			buildRules = (
			);
			dependencies = (
				23E2F0004E7A239ED999CD89 /* PBXTargetDependency */,
			);
			name = ReadAloudTests;
			packageProductDependencies = (
			);
			productName = ReadAloudTests;
			productReference = E023D28BD795D85906CD9185 /* ReadAloudTests.xctest */;
			productType = "com.apple.product-type.bundle.unit-test";
		};
/* End PBXNativeTarget section */

/* Begin PBXProject section */
		8A0DAB84406D795F5B41DC3F /* Project object */ = {
			isa = PBXProject;
			attributes = {
				BuildIndependentTargetsInParallel = YES;
				LastUpgradeCheck = 1430;
				TargetAttributes = {
					77C66E34CAA102934E11953D = {
						DevelopmentTeam = "";
						ProvisioningStyle = Automatic;
					};
				};
			};
			buildConfigurationList = 9E8B3F2F0DDB0C7C541E1783 /* Build configuration list for PBXProject "ReadAloud" */;
			developmentRegion = en;
			hasScannedForEncodings = 0;
			knownRegions = (
				Base,
				en,
			);
			mainGroup = 04BE0194F1F5238BBD7BB3D0;
			minimizedProjectReferenceProxies = 1;
			preferredProjectObjectVersion = 77;
			productRefGroup = D56F8D3E0A2CF0DFFA64CEED /* Products */;
			projectDirPath = "";
			projectRoot = "";
			targets = (
				77C66E34CAA102934E11953D /* ReadAloud */,
				E92091C0F543BBDE37BA5C0F /* ReadAloudTests */,
			);
		};
/* End PBXProject section */

/* Begin PBXSourcesBuildPhase section */
		1697B895695B3CEEAAA0A8F1 /* Sources */ = {
			isa = PBXSourcesBuildPhase;
			buildActionMask = 2147483647;
			files = (
				DB6717A2F2A087D801DF8992 /* SRSStateTests.swift in Sources */,
				79A530D266412C03E3D8EA82 /* TextProcessingTests.swift in Sources */,
			);
			runOnlyForDeploymentPostprocessing = 0;
		};
		3D235141212BC957A96BE68B /* Sources */ = {
			isa = PBXSourcesBuildPhase;
			buildActionMask = 2147483647;
			files = (
				0E3103361F486FEBBFC20EB5 /* AppRouter.swift in Sources */,
				458722027C19E105E1787019 /* BookDetailView.swift in Sources */,
				B08A8D5939042FF96F32E215 /* BookFormView.swift in Sources */,
				A9B1AB19A51E409B0D451CBF /* CameraAuthorizer.swift in Sources */,
				18AD0B1D16ED0AAEA14FE65A /* DesignSystem.swift in Sources */,
				BEF13A09D9AAE11DD7FD09EC /* DocumentCameraView.swift in Sources */,
				694DD50DC40C4CC4B7C791BB /* ImageProcessor.swift in Sources */,
				E18DD42A3533FB4FF10E903C /* Languages.swift in Sources */,
				B8A0BB996DE2E55601B678A8 /* LibraryView.swift in Sources */,
				4D68F17953EB427025542F55 /* LiveTextCameraView.swift in Sources */,
				9461FED56153753D5C6E091F /* Models.swift in Sources */,
				0B2C29EA081FF688FD9B1411 /* OCRReviewView.swift in Sources */,
				82752AB6B9FF4BCE44B2BA01 /* OCRService.swift in Sources */,
				0779DF97C0C16455C2261931 /* PageIngestor.swift in Sources */,
				FE7518DFE5F53EE5CC8C1E8A /* ReadAloudApp.swift in Sources */,
				3028F5D064E57CDAA61339BF /* ReaderView.swift in Sources */,
				429A765D5E28AF1C1B8E8D75 /* ReviewSessionView.swift in Sources */,
				9208BA5D51517B653F2F08C7 /* ReviewView.swift in Sources */,
				EC4E3CCE423E6092349671CF /* RootView.swift in Sources */,
				A4C4A44471198E7F13D32198 /* SRSEngine.swift in Sources */,
				02000B869506C245555116C5 /* SaveWordSheet.swift in Sources */,
				B6EEAB545124838D4DB8FF2C /* SavedItemDetailView.swift in Sources */,
				955F285689DE5904DC2D4CA6 /* SavedItemsView.swift in Sources */,
				6EB339E3D3A9D1D14032E73E /* ScanFlowView.swift in Sources */,
				B19CB493153DBAAC5A42F620 /* Schema.swift in Sources */,
				14C74E50C82378F057C8649B /* SentenceSplitter.swift in Sources */,
				E313F0A782D7A455B47A71A7 /* SettingsView.swift in Sources */,
				CE74F19A4FA4D2AB8A449DB1 /* SpeechPlayer.swift in Sources */,
				47CCC908ED0B200DF13E1E3C /* VoiceStore.swift in Sources */,
				4716D8AE0B2973D332F82F09 /* WordTokenizer.swift in Sources */,
			);
			runOnlyForDeploymentPostprocessing = 0;
		};
/* End PBXSourcesBuildPhase section */

/* Begin PBXTargetDependency section */
		23E2F0004E7A239ED999CD89 /* PBXTargetDependency */ = {
			isa = PBXTargetDependency;
			target = 77C66E34CAA102934E11953D /* ReadAloud */;
			targetProxy = 7A953C68AB67269B94D82703 /* PBXContainerItemProxy */;
		};
/* End PBXTargetDependency section */

/* Begin XCBuildConfiguration section */
		2297FA1F050665F1A84B3D6D /* Debug */ = {
			isa = XCBuildConfiguration;
			buildSettings = {
				ALWAYS_SEARCH_USER_PATHS = NO;
				CLANG_ANALYZER_NONNULL = YES;
				CLANG_ANALYZER_NUMBER_OBJECT_CONVERSION = YES_AGGRESSIVE;
				CLANG_CXX_LANGUAGE_STANDARD = "gnu++14";
				CLANG_CXX_LIBRARY = "libc++";
				CLANG_ENABLE_MODULES = YES;
				CLANG_ENABLE_OBJC_ARC = YES;
				CLANG_ENABLE_OBJC_WEAK = YES;
				CLANG_WARN_BLOCK_CAPTURE_AUTORELEASING = YES;
				CLANG_WARN_BOOL_CONVERSION = YES;
				CLANG_WARN_COMMA = YES;
				CLANG_WARN_CONSTANT_CONVERSION = YES;
				CLANG_WARN_DEPRECATED_OBJC_IMPLEMENTATIONS = YES;
				CLANG_WARN_DIRECT_OBJC_ISA_USAGE = YES_ERROR;
				CLANG_WARN_DOCUMENTATION_COMMENTS = YES;
				CLANG_WARN_EMPTY_BODY = YES;
				CLANG_WARN_ENUM_CONVERSION = YES;
				CLANG_WARN_INFINITE_RECURSION = YES;
				CLANG_WARN_INT_CONVERSION = YES;
				CLANG_WARN_NON_LITERAL_NULL_CONVERSION = YES;
				CLANG_WARN_OBJC_IMPLICIT_RETAIN_SELF = YES;
				CLANG_WARN_OBJC_LITERAL_CONVERSION = YES;
				CLANG_WARN_OBJC_ROOT_CLASS = YES_ERROR;
				CLANG_WARN_QUOTED_INCLUDE_IN_FRAMEWORK_HEADER = YES;
				CLANG_WARN_RANGE_LOOP_ANALYSIS = YES;
				CLANG_WARN_STRICT_PROTOTYPES = YES;
				CLANG_WARN_SUSPICIOUS_MOVE = YES;
				CLANG_WARN_UNGUARDED_AVAILABILITY = YES_AGGRESSIVE;
				CLANG_WARN_UNREACHABLE_CODE = YES;
				CLANG_WARN__DUPLICATE_METHOD_MATCH = YES;
				COPY_PHASE_STRIP = NO;
				DEBUG_INFORMATION_FORMAT = dwarf;
				ENABLE_STRICT_OBJC_MSGSEND = YES;
				ENABLE_TESTABILITY = YES;
				GCC_C_LANGUAGE_STANDARD = gnu11;
				GCC_DYNAMIC_NO_PIC = NO;
				GCC_NO_COMMON_BLOCKS = YES;
				GCC_OPTIMIZATION_LEVEL = 0;
				GCC_PREPROCESSOR_DEFINITIONS = (
					"$(inherited)",
					"DEBUG=1",
				);
				GCC_WARN_64_TO_32_BIT_CONVERSION = YES;
				GCC_WARN_ABOUT_RETURN_TYPE = YES_ERROR;
				GCC_WARN_UNDECLARED_SELECTOR = YES;
				GCC_WARN_UNINITIALIZED_AUTOS = YES_AGGRESSIVE;
				GCC_WARN_UNUSED_FUNCTION = YES;
				GCC_WARN_UNUSED_VARIABLE = YES;
				IPHONEOS_DEPLOYMENT_TARGET = 18.0;
				MTL_ENABLE_DEBUG_INFO = INCLUDE_SOURCE;
				MTL_FAST_MATH = YES;
				ONLY_ACTIVE_ARCH = YES;
				PRODUCT_NAME = "$(TARGET_NAME)";
				SDKROOT = iphoneos;
				SWIFT_ACTIVE_COMPILATION_CONDITIONS = DEBUG;
				SWIFT_OPTIMIZATION_LEVEL = "-Onone";
				SWIFT_VERSION = 5.0;
			};
			name = Debug;
		};
		22E50124DAAFDDF37AB63FB9 /* Debug */ = {
			isa = XCBuildConfiguration;
			buildSettings = {
				BUNDLE_LOADER = "$(TEST_HOST)";
				GENERATE_INFOPLIST_FILE = YES;
				LD_RUNPATH_SEARCH_PATHS = (
					"$(inherited)",
					"@executable_path/Frameworks",
					"@loader_path/Frameworks",
				);
				PRODUCT_BUNDLE_IDENTIFIER = com.rubyhung.ReadAloudTests;
				SDKROOT = iphoneos;
				TARGETED_DEVICE_FAMILY = "1,2";
				TEST_HOST = "$(BUILT_PRODUCTS_DIR)/ReadAloud.app/ReadAloud";
			};
			name = Debug;
		};
		24FFEFE09F346B9EDBC08A2B /* Release */ = {
			isa = XCBuildConfiguration;
			buildSettings = {
				BUNDLE_LOADER = "$(TEST_HOST)";
				GENERATE_INFOPLIST_FILE = YES;
				LD_RUNPATH_SEARCH_PATHS = (
					"$(inherited)",
					"@executable_path/Frameworks",
					"@loader_path/Frameworks",
				);
				PRODUCT_BUNDLE_IDENTIFIER = com.rubyhung.ReadAloudTests;
				SDKROOT = iphoneos;
				TARGETED_DEVICE_FAMILY = "1,2";
				TEST_HOST = "$(BUILT_PRODUCTS_DIR)/ReadAloud.app/ReadAloud";
			};
			name = Release;
		};
		5FBEC2FB583EA184226079CD /* Release */ = {
			isa = XCBuildConfiguration;
			buildSettings = {
				ASSETCATALOG_COMPILER_APPICON_NAME = AppIcon;
				CODE_SIGN_IDENTITY = "iPhone Developer";
				CODE_SIGN_STYLE = Automatic;
				CURRENT_PROJECT_VERSION = 1;
				DEVELOPMENT_TEAM = "";
				GENERATE_INFOPLIST_FILE = YES;
				INFOPLIST_FILE = ReadAloud/Info.plist;
				INFOPLIST_KEY_NSCameraUsageDescription = "ReadAloud uses the camera to photograph book pages so it can read the text aloud.";
				INFOPLIST_KEY_UILaunchScreen_Generation = YES;
				INFOPLIST_KEY_UISupportedInterfaceOrientations_iPad = "UIInterfaceOrientationPortrait UIInterfaceOrientationPortraitUpsideDown UIInterfaceOrientationLandscapeLeft UIInterfaceOrientationLandscapeRight";
				INFOPLIST_KEY_UISupportedInterfaceOrientations_iPhone = UIInterfaceOrientationPortrait;
				LD_RUNPATH_SEARCH_PATHS = (
					"$(inherited)",
					"@executable_path/Frameworks",
				);
				MARKETING_VERSION = 0.1.0;
				PRODUCT_BUNDLE_IDENTIFIER = com.rubyhung.ReadAloud;
				SDKROOT = iphoneos;
				SWIFT_VERSION = 5.0;
				TARGETED_DEVICE_FAMILY = "1,2";
			};
			name = Release;
		};
		6B456219F1082740AA3993A3 /* Debug */ = {
			isa = XCBuildConfiguration;
			buildSettings = {
				ASSETCATALOG_COMPILER_APPICON_NAME = AppIcon;
				CODE_SIGN_IDENTITY = "iPhone Developer";
				CODE_SIGN_STYLE = Automatic;
				CURRENT_PROJECT_VERSION = 1;
				DEVELOPMENT_TEAM = "";
				GENERATE_INFOPLIST_FILE = YES;
				INFOPLIST_FILE = ReadAloud/Info.plist;
				INFOPLIST_KEY_NSCameraUsageDescription = "ReadAloud uses the camera to photograph book pages so it can read the text aloud.";
				INFOPLIST_KEY_UILaunchScreen_Generation = YES;
				INFOPLIST_KEY_UISupportedInterfaceOrientations_iPad = "UIInterfaceOrientationPortrait UIInterfaceOrientationPortraitUpsideDown UIInterfaceOrientationLandscapeLeft UIInterfaceOrientationLandscapeRight";
				INFOPLIST_KEY_UISupportedInterfaceOrientations_iPhone = UIInterfaceOrientationPortrait;
				LD_RUNPATH_SEARCH_PATHS = (
					"$(inherited)",
					"@executable_path/Frameworks",
				);
				MARKETING_VERSION = 0.1.0;
				PRODUCT_BUNDLE_IDENTIFIER = com.rubyhung.ReadAloud;
				SDKROOT = iphoneos;
				SWIFT_VERSION = 5.0;
				TARGETED_DEVICE_FAMILY = "1,2";
			};
			name = Debug;
		};
		7659FE0A6046E65076E5A866 /* Release */ = {
			isa = XCBuildConfiguration;
			buildSettings = {
				ALWAYS_SEARCH_USER_PATHS = NO;
				CLANG_ANALYZER_NONNULL = YES;
				CLANG_ANALYZER_NUMBER_OBJECT_CONVERSION = YES_AGGRESSIVE;
				CLANG_CXX_LANGUAGE_STANDARD = "gnu++14";
				CLANG_CXX_LIBRARY = "libc++";
				CLANG_ENABLE_MODULES = YES;
				CLANG_ENABLE_OBJC_ARC = YES;
				CLANG_ENABLE_OBJC_WEAK = YES;
				CLANG_WARN_BLOCK_CAPTURE_AUTORELEASING = YES;
				CLANG_WARN_BOOL_CONVERSION = YES;
				CLANG_WARN_COMMA = YES;
				CLANG_WARN_CONSTANT_CONVERSION = YES;
				CLANG_WARN_DEPRECATED_OBJC_IMPLEMENTATIONS = YES;
				CLANG_WARN_DIRECT_OBJC_ISA_USAGE = YES_ERROR;
				CLANG_WARN_DOCUMENTATION_COMMENTS = YES;
				CLANG_WARN_EMPTY_BODY = YES;
				CLANG_WARN_ENUM_CONVERSION = YES;
				CLANG_WARN_INFINITE_RECURSION = YES;
				CLANG_WARN_INT_CONVERSION = YES;
				CLANG_WARN_NON_LITERAL_NULL_CONVERSION = YES;
				CLANG_WARN_OBJC_IMPLICIT_RETAIN_SELF = YES;
				CLANG_WARN_OBJC_LITERAL_CONVERSION = YES;
				CLANG_WARN_OBJC_ROOT_CLASS = YES_ERROR;
				CLANG_WARN_QUOTED_INCLUDE_IN_FRAMEWORK_HEADER = YES;
				CLANG_WARN_RANGE_LOOP_ANALYSIS = YES;
				CLANG_WARN_STRICT_PROTOTYPES = YES;
				CLANG_WARN_SUSPICIOUS_MOVE = YES;
				CLANG_WARN_UNGUARDED_AVAILABILITY = YES_AGGRESSIVE;
				CLANG_WARN_UNREACHABLE_CODE = YES;
				CLANG_WARN__DUPLICATE_METHOD_MATCH = YES;
				COPY_PHASE_STRIP = NO;
				DEBUG_INFORMATION_FORMAT = "dwarf-with-dsym";
				ENABLE_NS_ASSERTIONS = NO;
				ENABLE_STRICT_OBJC_MSGSEND = YES;
				GCC_C_LANGUAGE_STANDARD = gnu11;
				GCC_NO_COMMON_BLOCKS = YES;
				GCC_WARN_64_TO_32_BIT_CONVERSION = YES;
				GCC_WARN_ABOUT_RETURN_TYPE = YES_ERROR;
				GCC_WARN_UNDECLARED_SELECTOR = YES;
				GCC_WARN_UNINITIALIZED_AUTOS = YES_AGGRESSIVE;
				GCC_WARN_UNUSED_FUNCTION = YES;
				GCC_WARN_UNUSED_VARIABLE = YES;
				IPHONEOS_DEPLOYMENT_TARGET = 18.0;
				MTL_ENABLE_DEBUG_INFO = NO;
				MTL_FAST_MATH = YES;
				PRODUCT_NAME = "$(TARGET_NAME)";
				SDKROOT = iphoneos;
				SWIFT_COMPILATION_MODE = wholemodule;
				SWIFT_OPTIMIZATION_LEVEL = "-O";
				SWIFT_VERSION = 5.0;
			};
			name = Release;
		};
/* End XCBuildConfiguration section */

/* Begin XCConfigurationList section */
		5551EC2D3D40E55114FD49D7 /* Build configuration list for PBXNativeTarget "ReadAloud" */ = {
			isa = XCConfigurationList;
			buildConfigurations = (
				6B456219F1082740AA3993A3 /* Debug */,
				5FBEC2FB583EA184226079CD /* Release */,
			);
			defaultConfigurationIsVisible = 0;
			defaultConfigurationName = Debug;
		};
		9E8B3F2F0DDB0C7C541E1783 /* Build configuration list for PBXProject "ReadAloud" */ = {
			isa = XCConfigurationList;
			buildConfigurations = (
				2297FA1F050665F1A84B3D6D /* Debug */,
				7659FE0A6046E65076E5A866 /* Release */,
			);
			defaultConfigurationIsVisible = 0;
			defaultConfigurationName = Debug;
		};
		AFC11F8AFC034DF490DF6CC7 /* Build configuration list for PBXNativeTarget "ReadAloudTests" */ = {
			isa = XCConfigurationList;
			buildConfigurations = (
				22E50124DAAFDDF37AB63FB9 /* Debug */,
				24FFEFE09F346B9EDBC08A2B /* Release */,
			);
			defaultConfigurationIsVisible = 0;
			defaultConfigurationName = Debug;
		};
/* End XCConfigurationList section */
	};
	rootObject = 8A0DAB84406D795F5B41DC3F /* Project object */;
}
